
Microsoft Visual Studio Solution File, Format Version 12.00
# Visual Studio Version 16
VisualStudioVersion = 16.0.30104.148
MinimumVisualStudioVersion = 10.0.40219.1
Project("{8BC9CEB8-8B4A-11D0-8D11-00A0C91BC942}") = "L155", "L155\L155.vcxproj", "{9B693AC6-FD53-463F-AF0F-0FDB15337B4D}"
EndProject
Project("{8BC9CEB8-8B4A-11D0-8D11-00A0C91BC942}") = "L102", "L102\L102.vcxproj", "{B4B1ADDC-345F-4B3F-A225-DCE1F3001D72}"
EndProject
Project("{8BC9CEB8-8B4A-11D0-8D11-00A0C91BC942}") = "L136", "L136\L136.vcxproj", "{841F7F88-BA00-449B-B96E-B3D441456863}"
EndProject
Project("{8BC9CEB8-8B4A-11D0-8D11-00A0C91BC942}") = "L560", "L560\L560.vcxproj", "{5DBE9C76-CAB2-47F8-8F7D-4F0FC2DC90DC}"
EndProject
Project("{8BC9CEB8-8B4A-11D0-8D11-00A0C91BC942}") = "L25", "L25\L25.vcxproj", "{C4340A94-6F0B-4112-8018-2AB8166F4137}"
EndProject
Project("{8BC9CEB8-8B4A-11D0-8D11-00A0C91BC942}") = "L5396", "C1\C1.vcxproj", "{8435F631-6954-455B-AE5C-4E1E1592B555}"
EndProject
Project("{8BC9CEB8-8B4A-11D0-8D11-00A0C91BC942}") = "L5397", "L5397\L5397.vcxproj", "{6A9441A9-E3FE-4B97-9C2A-9BF36B26F42A}"
EndProject
Project("{8BC9CEB8-8B4A-11D0-8D11-00A0C91BC942}") = "L5398", "L5398\L5398.vcxproj", "{536D4A00-6AD1-4D1B-82DF-35CE298027A6}"
EndProject
Project("{8BC9CEB8-8B4A-11D0-8D11-00A0C91BC942}") = "L5399", "L5399\L5399.vcxproj", "{117AD9D5-E406-4FB8-ACFA-D16EEBDB76E3}"
EndProject
Project("{8BC9CEB8-8B4A-11D0-8D11-00A0C91BC942}") = "L210", "L210\L210.vcxproj", "{4D93BF5F-998A-44EF-B125-F251C6E24F73}"
EndProject
Project("{8BC9CEB8-8B4A-11D0-8D11-00A0C91BC942}") = "L152", "L152\L152.vcxproj", "{191BC76E-BE27-4503-8884-746E675CAA4A}"
EndProject
Project("{8BC9CEB8-8B4A-11D0-8D11-00A0C91BC942}") = "L680", "L680\L680.vcxproj", "{85680985-E836-44C6-AC13-6B6260991250}"
EndProject
Project("{8BC9CEB8-8B4A-11D0-8D11-00A0C91BC942}") = "L1", "L1\L1.vcxproj", "{D155F23D-5D53-4752-8E25-E84219451C98}"
EndProject
Project("{8BC9CEB8-8B4A-11D0-8D11-00A0C91BC942}") = "L1371", "L1371\L1371.vcxproj", "{BC22B658-6533-4B7A-9EDD-F896DA751340}"
EndProject
Project("{8BC9CEB8-8B4A-11D0-8D11-00A0C91BC942}") = "L5", "L5\L5.vcxproj", "{5018EDF4-C3F7-4E12-A22F-0683F5936981}"
EndProject
Project("{8BC9CEB8-8B4A-11D0-8D11-00A0C91BC942}") = "L105", "L105\L105.vcxproj", "{465718B7-6C23-4112-8886-386DA2F30FE2}"
EndProject
Project("{8BC9CEB8-8B4A-11D0-8D11-00A0C91BC942}") = "L76", "L76\L76.vcxproj", "{63C4D01A-D7DC-492A-B4AE-0B202B57C9EB}"
EndProject
Project("{8BC9CEB8-8B4A-11D0-8D11-00A0C91BC942}") = "L5416", "L5416\L5416.vcxproj", "{0D38B136-AD5F-4ABB-8A01-14D82B8DF461}"
EndProject
Project("{8BC9CEB8-8B4A-11D0-8D11-00A0C91BC942}") = "L5417", "L5417\L5417.vcxproj", "{2AD79E61-8DAB-42A5-8167-8D39996E3162}"
EndProject
Project("{8BC9CEB8-8B4A-11D0-8D11-00A0C91BC942}") = "L5418", "L5418\L5418.vcxproj", "{77C7E001-A6EA-4EAB-BF52-AD57C9A839BA}"
EndProject
Project("{8BC9CEB8-8B4A-11D0-8D11-00A0C91BC942}") = "L146", "L146\L146.vcxproj", "{D0BA4DEE-95A3-4FF6-8F9C-F891C497FB4C}"
EndProject
Global
	GlobalSection(SolutionConfigurationPlatforms) = preSolution
		Debug|x64 = Debug|x64
		Debug|x86 = Debug|x86
		Release|x64 = Release|x64
		Release|x86 = Release|x86
	EndGlobalSection
	GlobalSection(ProjectConfigurationPlatforms) = postSolution
		{9B693AC6-FD53-463F-AF0F-0FDB15337B4D}.Debug|x64.ActiveCfg = Debug|x64
		{9B693AC6-FD53-463F-AF0F-0FDB15337B4D}.Debug|x64.Build.0 = Debug|x64
		{9B693AC6-FD53-463F-AF0F-0FDB15337B4D}.Debug|x86.ActiveCfg = Debug|Win32
		{9B693AC6-FD53-463F-AF0F-0FDB15337B4D}.Debug|x86.Build.0 = Debug|Win32
		{9B693AC6-FD53-463F-AF0F-0FDB15337B4D}.Release|x64.ActiveCfg = Release|x64
		{9B693AC6-FD53-463F-AF0F-0FDB15337B4D}.Release|x64.Build.0 = Release|x64
		{9B693AC6-FD53-463F-AF0F-0FDB15337B4D}.Release|x86.ActiveCfg = Release|Win32
		{9B693AC6-FD53-463F-AF0F-0FDB15337B4D}.Release|x86.Build.0 = Release|Win32
		{B4B1ADDC-345F-4B3F-A225-DCE1F3001D72}.Debug|x64.ActiveCfg = Debug|x64
		{B4B1ADDC-345F-4B3F-A225-DCE1F3001D72}.Debug|x64.Build.0 = Debug|x64
		{B4B1ADDC-345F-4B3F-A225-DCE1F3001D72}.Debug|x86.ActiveCfg = Debug|Win32
		{B4B1ADDC-345F-4B3F-A225-DCE1F3001D72}.Debug|x86.Build.0 = Debug|Win32
		{B4B1ADDC-345F-4B3F-A225-DCE1F3001D72}.Release|x64.ActiveCfg = Release|x64
		{B4B1ADDC-345F-4B3F-A225-DCE1F3001D72}.Release|x64.Build.0 = Release|x64
		{B4B1ADDC-345F-4B3F-A225-DCE1F3001D72}.Release|x86.ActiveCfg = Release|Win32
		{B4B1ADDC-345F-4B3F-A225-DCE1F3001D72}.Release|x86.Build.0 = Release|Win32
		{841F7F88-BA00-449B-B96E-B3D441456863}.Debug|x64.ActiveCfg = Debug|x64
		{841F7F88-BA00-449B-B96E-B3D441456863}.Debug|x64.Build.0 = Debug|x64
		{841F7F88-BA00-449B-B96E-B3D441456863}.Debug|x86.ActiveCfg = Debug|Win32
		{841F7F88-BA00-449B-B96E-B3D441456863}.Debug|x86.Build.0 = Debug|Win32
		{841F7F88-BA00-449B-B96E-B3D441456863}.Release|x64.ActiveCfg = Release|x64
		{841F7F88-BA00-449B-B96E-B3D441456863}.Release|x64.Build.0 = Release|x64
		{841F7F88-BA00-449B-B96E-B3D441456863}.Release|x86.ActiveCfg = Release|Win32
		{841F7F88-BA00-449B-B96E-B3D441456863}.Release|x86.Build.0 = Release|Win32
		{5DBE9C76-CAB2-47F8-8F7D-4F0FC2DC90DC}.Debug|x64.ActiveCfg = Debug|x64
		{5DBE9C76-CAB2-47F8-8F7D-4F0FC2DC90DC}.Debug|x64.Build.0 = Debug|x64
		{5DBE9C76-CAB2-47F8-8F7D-4F0FC2DC90DC}.Debug|x86.ActiveCfg = Debug|Win32
		{5DBE9C76-CAB2-47F8-8F7D-4F0FC2DC90DC}.Debug|x86.Build.0 = Debug|Win32
		{5DBE9C76-CAB2-47F8-8F7D-4F0FC2DC90DC}.Release|x64.ActiveCfg = Release|x64
		{5DBE9C76-CAB2-47F8-8F7D-4F0FC2DC90DC}.Release|x64.Build.0 = Release|x64
		{5DBE9C76-CAB2-47F8-8F7D-4F0FC2DC90DC}.Release|x86.ActiveCfg = Release|Win32
		{5DBE9C76-CAB2-47F8-8F7D-4F0FC2DC90DC}.Release|x86.Build.0 = Release|Win32
		{C4340A94-6F0B-4112-8018-2AB8166F4137}.Debug|x64.ActiveCfg = Debug|x64
		{C4340A94-6F0B-4112-8018-2AB8166F4137}.Debug|x64.Build.0 = Debug|x64
		{C4340A94-6F0B-4112-8018-2AB8166F4137}.Debug|x86.ActiveCfg = Debug|Win32
		{C4340A94-6F0B-4112-8018-2AB8166F4137}.Debug|x86.Build.0 = Debug|Win32
		{C4340A94-6F0B-4112-8018-2AB8166F4137}.Release|x64.ActiveCfg = Release|x64
		{C4340A94-6F0B-4112-8018-2AB8166F4137}.Release|x64.Build.0 = Release|x64
		{C4340A94-6F0B-4112-8018-2AB8166F4137}.Release|x86.ActiveCfg = Release|Win32
		{C4340A94-6F0B-4112-8018-2AB8166F4137}.Release|x86.Build.0 = Release|Win32
		{8435F631-6954-455B-AE5C-4E1E1592B555}.Debug|x64.ActiveCfg = Debug|x64
		{8435F631-6954-455B-AE5C-4E1E1592B555}.Debug|x64.Build.0 = Debug|x64
		{8435F631-6954-455B-AE5C-4E1E1592B555}.Debug|x86.ActiveCfg = Debug|Win32
		{8435F631-6954-455B-AE5C-4E1E1592B555}.Debug|x86.Build.0 = Debug|Win32
		{8435F631-6954-455B-AE5C-4E1E1592B555}.Release|x64.ActiveCfg = Release|x64
		{8435F631-6954-455B-AE5C-4E1E1592B555}.Release|x64.Build.0 = Release|x64
		{8435F631-6954-455B-AE5C-4E1E1592B555}.Release|x86.ActiveCfg = Release|Win32
		{8435F631-6954-455B-AE5C-4E1E1592B555}.Release|x86.Build.0 = Release|Win32
		{6A9441A9-E3FE-4B97-9C2A-9BF36B26F42A}.Debug|x64.ActiveCfg = Debug|x64
		{6A9441A9-E3FE-4B97-9C2A-9BF36B26F42A}.Debug|x64.Build.0 = Debug|x64
		{6A9441A9-E3FE-4B97-9C2A-9BF36B26F42A}.Debug|x86.ActiveCfg = Debug|Win32
		{6A9441A9-E3FE-4B97-9C2A-9BF36B26F42A}.Debug|x86.Build.0 = Debug|Win32
		{6A9441A9-E3FE-4B97-9C2A-9BF36B26F42A}.Release|x64.ActiveCfg = Release|x64
		{6A9441A9-E3FE-4B97-9C2A-9BF36B26F42A}.Release|x64.Build.0 = Release|x64
		{6A9441A9-E3FE-4B97-9C2A-9BF36B26F42A}.Release|x86.ActiveCfg = Release|Win32
		{6A9441A9-E3FE-4B97-9C2A-9BF36B26F42A}.Release|x86.Build.0 = Release|Win32
		{536D4A00-6AD1-4D1B-82DF-35CE298027A6}.Debug|x64.ActiveCfg = Debug|x64
		{536D4A00-6AD1-4D1B-82DF-35CE298027A6}.Debug|x64.Build.0 = Debug|x64
		{536D4A00-6AD1-4D1B-82DF-35CE298027A6}.Debug|x86.ActiveCfg = Debug|Win32
		{536D4A00-6AD1-4D1B-82DF-35CE298027A6}.Debug|x86.Build.0 = Debug|Win32
		{536D4A00-6AD1-4D1B-82DF-35CE298027A6}.Release|x64.ActiveCfg = Release|x64
		{536D4A00-6AD1-4D1B-82DF-35CE298027A6}.Release|x64.Build.0 = Release|x64
		{536D4A00-6AD1-4D1B-82DF-35CE298027A6}.Release|x86.ActiveCfg = Release|Win32
		{536D4A00-6AD1-4D1B-82DF-35CE298027A6}.Release|x86.Build.0 = Release|Win32
		{117AD9D5-E406-4FB8-ACFA-D16EEBDB76E3}.Debug|x64.ActiveCfg = Debug|x64
		{117AD9D5-E406-4FB8-ACFA-D16EEBDB76E3}.Debug|x64.Build.0 = Debug|x64
		{117AD9D5-E406-4FB8-ACFA-D16EEBDB76E3}.Debug|x86.ActiveCfg = Debug|Win32
		{117AD9D5-E406-4FB8-ACFA-D16EEBDB76E3}.Debug|x86.Build.0 = Debug|Win32
		{117AD9D5-E406-4FB8-ACFA-D16EEBDB76E3}.Release|x64.ActiveCfg = Release|x64
		{117AD9D5-E406-4FB8-ACFA-D16EEBDB76E3}.Release|x64.Build.0 = Release|x64
		{117AD9D5-E406-4FB8-ACFA-D16EEBDB76E3}.Release|x86.ActiveCfg = Release|Win32
		{117AD9D5-E406-4FB8-ACFA-D16EEBDB76E3}.Release|x86.Build.0 = Release|Win32
		{4D93BF5F-998A-44EF-B125-F251C6E24F73}.Debug|x64.ActiveCfg = Debug|x64
		{4D93BF5F-998A-44EF-B125-F251C6E24F73}.Debug|x64.Build.0 = Debug|x64
		{4D93BF5F-998A-44EF-B125-F251C6E24F73}.Debug|x86.ActiveCfg = Debug|Win32
		{4D93BF5F-998A-44EF-B125-F251C6E24F73}.Debug|x86.Build.0 = Debug|Win32
		{4D93BF5F-998A-44EF-B125-F251C6E24F73}.Release|x64.ActiveCfg = Release|x64
		{4D93BF5F-998A-44EF-B125-F251C6E24F73}.Release|x64.Build.0 = Release|x64
		{4D93BF5F-998A-44EF-B125-F251C6E24F73}.Release|x86.ActiveCfg = Release|Win32
		{4D93BF5F-998A-44EF-B125-F251C6E24F73}.Release|x86.Build.0 = Release|Win32
		{191BC76E-BE27-4503-8884-746E675CAA4A}.Debug|x64.ActiveCfg = Debug|x64
		{191BC76E-BE27-4503-8884-746E675CAA4A}.Debug|x64.Build.0 = Debug|x64
		{191BC76E-BE27-4503-8884-746E675CAA4A}.Debug|x86.ActiveCfg = Debug|Win32
		{191BC76E-BE27-4503-8884-746E675CAA4A}.Debug|x86.Build.0 = Debug|Win32
		{191BC76E-BE27-4503-8884-746E675CAA4A}.Release|x64.ActiveCfg = Release|x64
		{191BC76E-BE27-4503-8884-746E675CAA4A}.Release|x64.Build.0 = Release|x64
		{191BC76E-BE27-4503-8884-746E675CAA4A}.Release|x86.ActiveCfg = Release|Win32
		{191BC76E-BE27-4503-8884-746E675CAA4A}.Release|x86.Build.0 = Release|Win32
		{85680985-E836-44C6-AC13-6B6260991250}.Debug|x64.ActiveCfg = Debug|x64
		{85680985-E836-44C6-AC13-6B6260991250}.Debug|x64.Build.0 = Debug|x64
		{85680985-E836-44C6-AC13-6B6260991250}.Debug|x86.ActiveCfg = Debug|Win32
		{85680985-E836-44C6-AC13-6B6260991250}.Debug|x86.Build.0 = Debug|Win32
		{85680985-E836-44C6-AC13-6B6260991250}.Release|x64.ActiveCfg = Release|x64
		{85680985-E836-44C6-AC13-6B6260991250}.Release|x64.Build.0 = Release|x64
		{85680985-E836-44C6-AC13-6B6260991250}.Release|x86.ActiveCfg = Release|Win32
		{85680985-E836-44C6-AC13-6B6260991250}.Release|x86.Build.0 = Release|Win32
		{D155F23D-5D53-4752-8E25-E84219451C98}.Debug|x64.ActiveCfg = Debug|x64
		{D155F23D-5D53-4752-8E25-E84219451C98}.Debug|x64.Build.0 = Debug|x64
		{D155F23D-5D53-4752-8E25-E84219451C98}.Debug|x86.ActiveCfg = Debug|Win32
		{D155F23D-5D53-4752-8E25-E84219451C98}.Debug|x86.Build.0 = Debug|Win32
		{D155F23D-5D53-4752-8E25-E84219451C98}.Release|x64.ActiveCfg = Release|x64
		{D155F23D-5D53-4752-8E25-E84219451C98}.Release|x64.Build.0 = Release|x64
		{D155F23D-5D53-4752-8E25-E84219451C98}.Release|x86.ActiveCfg = Release|Win32
		{D155F23D-5D53-4752-8E25-E84219451C98}.Release|x86.Build.0 = Release|Win32
		{BC22B658-6533-4B7A-9EDD-F896DA751340}.Debug|x64.ActiveCfg = Debug|x64
		{BC22B658-6533-4B7A-9EDD-F896DA751340}.Debug|x64.Build.0 = Debug|x64
		{BC22B658-6533-4B7A-9EDD-F896DA751340}.Debug|x86.ActiveCfg = Debug|Win32
		{BC22B658-6533-4B7A-9EDD-F896DA751340}.Debug|x86.Build.0 = Debug|Win32
		{BC22B658-6533-4B7A-9EDD-F896DA751340}.Release|x64.ActiveCfg = Release|x64
		{BC22B658-6533-4B7A-9EDD-F896DA751340}.Release|x64.Build.0 = Release|x64
		{BC22B658-6533-4B7A-9EDD-F896DA751340}.Release|x86.ActiveCfg = Release|Win32
		{BC22B658-6533-4B7A-9EDD-F896DA751340}.Release|x86.Build.0 = Release|Win32
		{5018EDF4-C3F7-4E12-A22F-0683F5936981}.Debug|x64.ActiveCfg = Debug|x64
		{5018EDF4-C3F7-4E12-A22F-0683F5936981}.Debug|x64.Build.0 = Debug|x64
		{5018EDF4-C3F7-4E12-A22F-0683F5936981}.Debug|x86.ActiveCfg = Debug|Win32
		{5018EDF4-C3F7-4E12-A22F-0683F5936981}.Debug|x86.Build.0 = Debug|Win32
		{5018EDF4-C3F7-4E12-A22F-0683F5936981}.Release|x64.ActiveCfg = Release|x64
		{5018EDF4-C3F7-4E12-A22F-0683F5936981}.Release|x64.Build.0 = Release|x64
		{5018EDF4-C3F7-4E12-A22F-0683F5936981}.Release|x86.ActiveCfg = Release|Win32
		{5018EDF4-C3F7-4E12-A22F-0683F5936981}.Release|x86.Build.0 = Release|Win32
		{465718B7-6C23-4112-8886-386DA2F30FE2}.Debug|x64.ActiveCfg = Debug|x64
		{465718B7-6C23-4112-8886-386DA2F30FE2}.Debug|x64.Build.0 = Debug|x64
		{465718B7-6C23-4112-8886-386DA2F30FE2}.Debug|x86.ActiveCfg = Debug|Win32
		{465718B7-6C23-4112-8886-386DA2F30FE2}.Debug|x86.Build.0 = Debug|Win32
		{465718B7-6C23-4112-8886-386DA2F30FE2}.Release|x64.ActiveCfg = Release|x64
		{465718B7-6C23-4112-8886-386DA2F30FE2}.Release|x64.Build.0 = Release|x64
		{465718B7-6C23-4112-8886-386DA2F30FE2}.Release|x86.ActiveCfg = Release|Win32
		{465718B7-6C23-4112-8886-386DA2F30FE2}.Release|x86.Build.0 = Release|Win32
		{63C4D01A-D7DC-492A-B4AE-0B202B57C9EB}.Debug|x64.ActiveCfg = Debug|x64
		{63C4D01A-D7DC-492A-B4AE-0B202B57C9EB}.Debug|x64.Build.0 = Debug|x64
		{63C4D01A-D7DC-492A-B4AE-0B202B57C9EB}.Debug|x86.ActiveCfg = Debug|Win32
		{63C4D01A-D7DC-492A-B4AE-0B202B57C9EB}.Debug|x86.Build.0 = Debug|Win32
		{63C4D01A-D7DC-492A-B4AE-0B202B57C9EB}.Release|x64.ActiveCfg = Release|x64
		{63C4D01A-D7DC-492A-B4AE-0B202B57C9EB}.Release|x64.Build.0 = Release|x64
		{63C4D01A-D7DC-492A-B4AE-0B202B57C9EB}.Release|x86.ActiveCfg = Release|Win32
		{63C4D01A-D7DC-492A-B4AE-0B202B57C9EB}.Release|x86.Build.0 = Release|Win32
		{0D38B136-AD5F-4ABB-8A01-14D82B8DF461}.Debug|x64.ActiveCfg = Debug|x64
		{0D38B136-AD5F-4ABB-8A01-14D82B8DF461}.Debug|x64.Build.0 = Debug|x64
		{0D38B136-AD5F-4ABB-8A01-14D82B8DF461}.Debug|x86.ActiveCfg = Debug|Win32
		{0D38B136-AD5F-4ABB-8A01-14D82B8DF461}.Debug|x86.Build.0 = Debug|Win32
		{0D38B136-AD5F-4ABB-8A01-14D82B8DF461}.Release|x64.ActiveCfg = Release|x64
		{0D38B136-AD5F-4ABB-8A01-14D82B8DF461}.Release|x64.Build.0 = Release|x64
		{0D38B136-AD5F-4ABB-8A01-14D82B8DF461}.Release|x86.ActiveCfg = Release|Win32
		{0D38B136-AD5F-4ABB-8A01-14D82B8DF461}.Release|x86.Build.0 = Release|Win32
		{2AD79E61-8DAB-42A5-8167-8D39996E3162}.Debug|x64.ActiveCfg = Debug|x64
		{2AD79E61-8DAB-42A5-8167-8D39996E3162}.Debug|x64.Build.0 = Debug|x64
		{2AD79E61-8DAB-42A5-8167-8D39996E3162}.Debug|x86.ActiveCfg = Debug|Win32
		{2AD79E61-8DAB-42A5-8167-8D39996E3162}.Debug|x86.Build.0 = Debug|Win32
		{2AD79E61-8DAB-42A5-8167-8D39996E3162}.Release|x64.ActiveCfg = Release|x64
		{2AD79E61-8DAB-42A5-8167-8D39996E3162}.Release|x64.Build.0 = Release|x64
		{2AD79E61-8DAB-42A5-8167-8D39996E3162}.Release|x86.ActiveCfg = Release|Win32
		{2AD79E61-8DAB-42A5-8167-8D39996E3162}.Release|x86.Build.0 = Release|Win32
		{77C7E001-A6EA-4EAB-BF52-AD57C9A839BA}.Debug|x64.ActiveCfg = Debug|x64
		{77C7E001-A6EA-4EAB-BF52-AD57C9A839BA}.Debug|x64.Build.0 = Debug|x64
		{77C7E001-A6EA-4EAB-BF52-AD57C9A839BA}.Debug|x86.ActiveCfg = Debug|Win32
		{77C7E001-A6EA-4EAB-BF52-AD57C9A839BA}.Debug|x86.Build.0 = Debug|Win32
		{77C7E001-A6EA-4EAB-BF52-AD57C9A839BA}.Release|x64.ActiveCfg = Release|x64
		{77C7E001-A6EA-4EAB-BF52-AD57C9A839BA}.Release|x64.Build.0 = Release|x64
		{77C7E001-A6EA-4EAB-BF52-AD57C9A839BA}.Release|x86.ActiveCfg = Release|Win32
		{77C7E001-A6EA-4EAB-BF52-AD57C9A839BA}.Release|x86.Build.0 = Release|Win32
		{D0BA4DEE-95A3-4FF6-8F9C-F891C497FB4C}.Debug|x64.ActiveCfg = Debug|x64
		{D0BA4DEE-95A3-4FF6-8F9C-F891C497FB4C}.Debug|x64.Build.0 = Debug|x64
		{D0BA4DEE-95A3-4FF6-8F9C-F891C497FB4C}.Debug|x86.ActiveCfg = Debug|Win32
		{D0BA4DEE-95A3-4FF6-8F9C-F891C497FB4C}.Debug|x86.Build.0 = Debug|Win32
		{D0BA4DEE-95A3-4FF6-8F9C-F891C497FB4C}.Release|x64.ActiveCfg = Release|x64
		{D0BA4DEE-95A3-4FF6-8F9C-F891C497FB4C}.Release|x64.Build.0 = Release|x64
		{D0BA4DEE-95A3-4FF6-8F9C-F891C497FB4C}.Release|x86.ActiveCfg = Release|Win32
		{D0BA4DEE-95A3-4FF6-8F9C-F891C497FB4C}.Release|x86.Build.0 = Release|Win32
	EndGlobalSection
	GlobalSection(SolutionProperties) = preSolution
		HideSolutionNode = FALSE
	EndGlobalSection
	GlobalSection(ExtensibilityGlobals) = postSolution
		SolutionGuid = {638C515B-AF5B-4B73-9E6E-E1AD7D62E206}
	EndGlobalSection
EndGlobal
