
Microsoft Visual Studio Solution File, Format Version 12.00
# Visual Studio Version 16
VisualStudioVersion = 16.0.30104.148
MinimumVisualStudioVersion = 10.0.40219.1
Project("{8BC9CEB8-8B4A-11D0-8D11-00A0C91BC942}") = "L155", "L155\L155.vcxproj", "{9B693AC6-FD53-463F-AF0F-0FDB15337B4D}"
EndProject
Project("{8BC9CEB8-8B4A-11D0-8D11-00A0C91BC942}") = "L102", "L102\L102.vcxproj", "{B4B1ADDC-345F-4B3F-A225-DCE1F3001D72}"
EndProject
Project("{8BC9CEB8-8B4A-11D0-8D11-00A0C91BC942}") = "L136", "L136\L136.vcxproj", "{841F7F88-BA00-449B-B96E-B3D441456863}"
EndProject
Project("{8BC9CEB8-8B4A-11D0-8D11-00A0C91BC942}") = "L560", "L560\L560.vcxproj", "{5DBE9C76-CAB2-47F8-8F7D-4F0FC2DC90DC}"
EndProject
Project("{8BC9CEB8-8B4A-11D0-8D11-00A0C91BC942}") = "L25", "L25\L25.vcxproj", "{C4340A94-6F0B-4112-8018-2AB8166F4137}"
EndProject
Project("{8BC9CEB8-8B4A-11D0-8D11-00A0C91BC942}") = "L5396", "C1\C1.vcxproj", "{8435F631-6954-455B-AE5C-4E1E1592B555}"
EndProject
Project("{8BC9CEB8-8B4A-11D0-8D11-00A0C91BC942}") = "L5397", "L5397\L5397.vcxproj", "{6A9441A9-E3FE-4B97-9C2A-9BF36B26F42A}"
EndProject
Project("{8BC9CEB8-8B4A-11D0-8D11-00A0C91BC942}") = "L5398", "L5398\L5398.vcxproj", "{536D4A00-6AD1-4D1B-82DF-35CE298027A6}"
EndProject
Project("{8BC9CEB8-8B4A-11D0-8D11-00A0C91BC942}") = "L5399", "L5399\L5399.vcxproj", "{117AD9D5-E406-4FB8-ACFA-D16EEBDB76E3}"
EndProject
Project("{8BC9CEB8-8B4A-11D0-8D11-00A0C91BC942}") = "L210", "L210\L210.vcxproj", "{4D93BF5F-998A-44EF-B125-F251C6E24F73}"
EndProject
Project("{8BC9CEB8-8B4A-11D0-8D11-00A0C91BC942}") = "L152", "L152\L152.vcxproj", "{191BC76E-BE27-4503-8884-746E675CAA4A}"
EndProject
Project("{8BC9CEB8-8B4A-11D0-8D11-00A0C91BC942}") = "L680", "L680\L680.vcxproj", "{85680985-E836-44C6-AC13-6B6260991250}"
EndProject
Project("{8BC9CEB8-8B4A-11D0-8D11-00A0C91BC942}") = "L1", "L1\L1.vcxproj", "{D155F23D-5D53-4752-8E25-E84219451C98}"
EndProject
Project("{8BC9CEB8-8B4A-11D0-8D11-00A0C91BC942}") = "L1371", "L1371\L1371.vcxproj", "{BC22B658-6533-4B7A-9EDD-F896DA751340}"
EndProject
Project("{8BC9CEB8-8B4A-11D0-8D11-00A0C91BC942}") = "L5", "L5\L5.vcxproj", "{5018EDF4-C3F7-4E12-A22F-0683F5936981}"
EndProject
Project("{8BC9CEB8-8B4A-11D0-8D11-00A0C91BC942}") = "L105", "L105\L105.vcxproj", "{465718B7-6C23-4112-8886-386DA2F30FE2}"
EndProject
Project("{8BC9CEB8-8B4A-11D0-8D11-00A0C91BC942}") = "L76", "L76\L76.vcxproj", "{63C4D01A-D7DC-492A-B4AE-0B202B57C9EB}"
EndProject
Project("{8BC9CEB8-8B4A-11D0-8D11-00A0C91BC942}") = "L5416", "L5416\L5416.vcxproj", "{0D38B136-AD5F-4ABB-8A01-14D82B8DF461}"
EndProject
Project("{8BC9CEB8-8B4A-11D0-8D11-00A0C91BC942}") = "L5417", "L5417\L5417.vcxproj", "{2AD79E61-8DAB-42A5-8167-8D39996E3162}"
EndProject
Project("{8BC9CEB8-8B4A-11D0-8D11-00A0C91BC942}") = "L5418", "L5418\L5418.vcxproj", "{77C7E001-A6EA-4EAB-BF52-AD57C9A839BA}"
EndProject
Project("{8BC9CEB8-8B4A-11D0-8D11-00A0C91BC942}") = "L146", "L146\L146.vcxproj", "{D0BA4DEE-95A3-4FF6-8F9C-F891C497FB4C}"
EndProject
Project("{8BC9CEB8-8B4A-11D0-8D11-00A0C91BC942}") = "L4", "L4\L4.vcxproj", "{857D5168-D292-4761-9AEA-DE709D61DD0C}"
EndProject
Project("{8BC9CEB8-8B4A-11D0-8D11-00A0C91BC942}") = "L974", "L974\L974.vcxproj", "{D08D2F94-693B-47C9-9F8A-7EFABD76E52F}"
EndProject
Project("{8BC9CEB8-8B4A-11D0-8D11-00A0C91BC942}") = "L287", "L287\L287.vcxproj", "{7B238ED5-D595-4BFC-B2C0-0C814BF112C2}"
EndProject
Project("{8BC9CEB8-8B4A-11D0-8D11-00A0C91BC942}") = "L394", "L394\L394.vcxproj", "{AD0C32FF-A96F-45BC-A901-23EFA9D31D20}"
EndProject
Project("{8BC9CEB8-8B4A-11D0-8D11-00A0C91BC942}") = "L198", "L198\L198.vcxproj", "{4AB5FA3E-D560-4305-B53F-A2A439967458}"
EndProject
Project("{8BC9CEB8-8B4A-11D0-8D11-00A0C91BC942}") = "L84", "L84\L84.vcxproj", "{A029B6A6-7A66-4EBD-9802-4CBBE74BCD98}"
EndProject
Project("{8BC9CEB8-8B4A-11D0-8D11-00A0C91BC942}") = "L101", "L101\L101.vcxproj", "{2E62C7B5-B135-419C-8C0E-DB4B8B8FE49B}"
EndProject
Project("{8BC9CEB8-8B4A-11D0-8D11-00A0C91BC942}") = "L1431", "L1431\L1431.vcxproj", "{AAD16F4C-13C5-4873-AF17-2DFE49995C0A}"
EndProject
Project("{8BC9CEB8-8B4A-11D0-8D11-00A0C91BC942}") = "M64", "M64\M64.vcxproj", "{C0B09C16-051A-4913-8927-77DB05D9BDC9}"
EndProject
Project("{8BC9CEB8-8B4A-11D0-8D11-00A0C91BC942}") = "L837", "L837\L837.vcxproj", "{50B7C2F5-9E49-4116-8D37-CA9EEC415879}"
EndProject
Project("{8BC9CEB8-8B4A-11D0-8D11-00A0C91BC942}") = "L238", "L238\L238.vcxproj", "{1219EEFB-CE6B-4590-94A8-53C662B567EE}"
EndProject
Project("{8BC9CEB8-8B4A-11D0-8D11-00A0C91BC942}") = "M29", "M29\M29.vcxproj", "{7F7A9415-E470-4D7D-A13E-C5EDCF09EEF6}"
EndProject
Project("{8BC9CEB8-8B4A-11D0-8D11-00A0C91BC942}") = "L128", "L128\L128.vcxproj", "{BBCF496C-D63B-4F2A-A35E-713B549D7A28}"
EndProject
Project("{8BC9CEB8-8B4A-11D0-8D11-00A0C91BC942}") = "L5428", "L5428\L5428.vcxproj", "{08041383-6C40-490F-83A1-CFA1E6D66F0E}"
EndProject
Project("{8BC9CEB8-8B4A-11D0-8D11-00A0C91BC942}") = "L5429", "L5429\L5429.vcxproj", "{8570D526-3157-4DEE-B705-67D9275EDB7D}"
EndProject
Project("{8BC9CEB8-8B4A-11D0-8D11-00A0C91BC942}") = "L5431", "L5431\L5431.vcxproj", "{C6F80376-C033-4587-9927-56F5823E01AC}"
EndProject
Project("{8BC9CEB8-8B4A-11D0-8D11-00A0C91BC942}") = "L126", "L126\L126.vcxproj", "{2CE13A69-504F-4D3E-9A1F-6F3719056376}"
EndProject
Project("{8BC9CEB8-8B4A-11D0-8D11-00A0C91BC942}") = "L990", "L990\L990.vcxproj", "{BE51EA65-1F7F-4033-BE18-1F1415C4835D}"
EndProject
Project("{8BC9CEB8-8B4A-11D0-8D11-00A0C91BC942}") = "M46", "M46\M46.vcxproj", "{8ACBA348-4DE2-4996-9BF0-45F8069FFDE9}"
EndProject
Project("{8BC9CEB8-8B4A-11D0-8D11-00A0C91BC942}") = "L9", "L9\L9.vcxproj", "{35922730-1064-4404-A4BC-0CE49DED67C3}"
EndProject
Project("{8BC9CEB8-8B4A-11D0-8D11-00A0C91BC942}") = "L10", "L10\L10.vcxproj", "{298B54CB-E139-4659-8D37-A6D27EF8F193}"
EndProject
Project("{8BC9CEB8-8B4A-11D0-8D11-00A0C91BC942}") = "L739", "L739\L739.vcxproj", "{AD9CFED8-468B-450F-83D6-AF3654F23794}"
EndProject
Project("{8BC9CEB8-8B4A-11D0-8D11-00A0C91BC942}") = "L32", "L32\L32.vcxproj", "{A58C4F7B-D118-4A70-982F-7B9F012DA99A}"
EndProject
Project("{8BC9CEB8-8B4A-11D0-8D11-00A0C91BC942}") = "L15", "L15\L15.vcxproj", "{34C0CAED-02FA-46E7-A951-10E9617E9C57}"
EndProject
Project("{8BC9CEB8-8B4A-11D0-8D11-00A0C91BC942}") = "L70", "L70\L70.vcxproj", "{EE550559-E9E3-425F-A3DC-3E9C2AB5753D}"
EndProject
Project("{2150E333-8FDC-42A3-9474-1A3956D46DE8}") = "6-13", "6-13", "{E74C7ED2-FA11-496A-9C00-D445CD989785}"
EndProject
Project("{8BC9CEB8-8B4A-11D0-8D11-00A0C91BC942}") = "L5420", "L5420\L5420.vcxproj", "{160F8FAB-79DF-4ABB-96FC-8F38FF1B305E}"
EndProject
Project("{8BC9CEB8-8B4A-11D0-8D11-00A0C91BC942}") = "L5422", "L5422\L5422.vcxproj", "{7C107462-7EEF-4B13-B932-6C31EDDC07D4}"
EndProject
Project("{8BC9CEB8-8B4A-11D0-8D11-00A0C91BC942}") = "L5423", "L5423\L5423.vcxproj", "{01F5AAE3-650F-4AF5-9C49-5DB582E1A878}"
EndProject
Project("{8BC9CEB8-8B4A-11D0-8D11-00A0C91BC942}") = "L1300", "L1300\L1300.vcxproj", "{09FBC41D-AE68-45EC-B259-E1FB04D268FA}"
EndProject
Project("{8BC9CEB8-8B4A-11D0-8D11-00A0C91BC942}") = "L14", "L14\L14.vcxproj", "{D1C78463-BA71-4D67-81E3-F177FD8E6C52}"
EndProject
Project("{8BC9CEB8-8B4A-11D0-8D11-00A0C91BC942}") = "L297", "L297\L297.vcxproj", "{C9F95076-2EEA-4571-B5CB-8D1E6A40BFCE}"
EndProject
Project("{8BC9CEB8-8B4A-11D0-8D11-00A0C91BC942}") = "L1014", "L1014\L1014.vcxproj", "{A7315E41-9A4F-4EA1-92C8-FB8F7520FC4E}"
EndProject
Project("{8BC9CEB8-8B4A-11D0-8D11-00A0C91BC942}") = "L1028", "L1028\L1028.vcxproj", "{3C2A00FC-BBFA-4C9D-9C7F-A0F96B72A363}"
EndProject
Project("{8BC9CEB8-8B4A-11D0-8D11-00A0C91BC942}") = "L125", "L125\L125.vcxproj", "{E2D4B378-6E1A-4717-8E65-6C7A47FB3E64}"
EndProject
Project("{8BC9CEB8-8B4A-11D0-8D11-00A0C91BC942}") = "L124", "L124\L124.vcxproj", "{88545DD5-D29F-405F-A90A-4E9AAAB54874}"
EndProject
Project("{8BC9CEB8-8B4A-11D0-8D11-00A0C91BC942}") = "M16.18", "M16.18\M16.18.vcxproj", "{00818981-862D-40A0-B0E4-E0BCF0BE4B7F}"
EndProject
Project("{8BC9CEB8-8B4A-11D0-8D11-00A0C91BC942}") = "L67", "L67\L67.vcxproj", "{9277D54D-1C30-47CF-94BB-36DF144188EA}"
EndProject
Project("{8BC9CEB8-8B4A-11D0-8D11-00A0C91BC942}") = "L16", "L16\L16.vcxproj", "{086DB0E0-F270-4DA9-845E-4FF713EE24FF}"
EndProject
Project("{8BC9CEB8-8B4A-11D0-8D11-00A0C91BC942}") = "L887", "L887\L887.vcxproj", "{73C5FD25-87E2-4E66-83D8-CFA53B27B5D4}"
EndProject
Project("{8BC9CEB8-8B4A-11D0-8D11-00A0C91BC942}") = "L139", "L139\L139.vcxproj", "{AE802F3D-9436-4518-AE68-3CBE8CD0F865}"
EndProject
Project("{8BC9CEB8-8B4A-11D0-8D11-00A0C91BC942}") = "M02.01", "M02.01\M02.01.vcxproj", "{877C845F-D0C6-4BDA-94CF-2686779A38C8}"
EndProject
Project("{8BC9CEB8-8B4A-11D0-8D11-00A0C91BC942}") = "L41", "L41\L41.vcxproj", "{840A546B-3103-4BA1-B914-BB2571FE0946}"
EndProject
Project("{8BC9CEB8-8B4A-11D0-8D11-00A0C91BC942}") = "L209", "L209\L209.vcxproj", "{68C87791-294E-4E69-ADEC-82BFE21ABBDE}"
EndProject
Project("{8BC9CEB8-8B4A-11D0-8D11-00A0C91BC942}") = "L215", "L215\L215.vcxproj", "{A42CE6C5-B4E4-4E1F-8B9B-3504E5420D68}"
EndProject
Project("{8BC9CEB8-8B4A-11D0-8D11-00A0C91BC942}") = "M09", "M09\M09.vcxproj", "{1CAC6B54-A4F5-417B-AD43-7AE4F3F78252}"
EndProject
Project("{8BC9CEB8-8B4A-11D0-8D11-00A0C91BC942}") = "L718", "L718\L718.vcxproj", "{5A56958C-1187-48C2-B738-D1658E095316}"
EndProject
Project("{8BC9CEB8-8B4A-11D0-8D11-00A0C91BC942}") = "L378", "L378\L378.vcxproj", "{738C3D46-BBD0-4AB5-A0EF-6EC213A48725}"
EndProject
Project("{8BC9CEB8-8B4A-11D0-8D11-00A0C91BC942}") = "L108", "L108\L108.vcxproj", "{96AB743B-FAEB-4BA1-8242-851BF2005A86}"
EndProject
Project("{8BC9CEB8-8B4A-11D0-8D11-00A0C91BC942}") = "M16.11", "M16.11\M16.11.vcxproj", "{79B7D1D7-3FBC-4FC7-BD4F-63CE469ABB61}"
EndProject
Project("{8BC9CEB8-8B4A-11D0-8D11-00A0C91BC942}") = "L2", "L2\L2.vcxproj", "{A46A8C32-B3F2-4772-A4C0-746A1884B207}"
EndProject
Project("{8BC9CEB8-8B4A-11D0-8D11-00A0C91BC942}") = "M17.13", "M17.13\M17.13.vcxproj", "{2FDB3C3F-EFB9-4CEB-BBD1-EF89D1D60FDD}"
EndProject
Project("{8BC9CEB8-8B4A-11D0-8D11-00A0C91BC942}") = "L3", "L3\L3.vcxproj", "{7F90EBD9-32A6-4D5B-9DE8-CB32FB055580}"
EndProject
Project("{8BC9CEB8-8B4A-11D0-8D11-00A0C91BC942}") = "L309", "L309\L309.vcxproj", "{6AFBF0C9-EDF3-40C8-959B-E4709575D0B4}"
EndProject
Global
	GlobalSection(SolutionConfigurationPlatforms) = preSolution
		Debug|x64 = Debug|x64
		Debug|x86 = Debug|x86
		Release|x64 = Release|x64
		Release|x86 = Release|x86
	EndGlobalSection
	GlobalSection(ProjectConfigurationPlatforms) = postSolution
		{9B693AC6-FD53-463F-AF0F-0FDB15337B4D}.Debug|x64.ActiveCfg = Debug|x64
		{9B693AC6-FD53-463F-AF0F-0FDB15337B4D}.Debug|x64.Build.0 = Debug|x64
		{9B693AC6-FD53-463F-AF0F-0FDB15337B4D}.Debug|x86.ActiveCfg = Debug|Win32
		{9B693AC6-FD53-463F-AF0F-0FDB15337B4D}.Debug|x86.Build.0 = Debug|Win32
		{9B693AC6-FD53-463F-AF0F-0FDB15337B4D}.Release|x64.ActiveCfg = Release|x64
		{9B693AC6-FD53-463F-AF0F-0FDB15337B4D}.Release|x64.Build.0 = Release|x64
		{9B693AC6-FD53-463F-AF0F-0FDB15337B4D}.Release|x86.ActiveCfg = Release|Win32
		{9B693AC6-FD53-463F-AF0F-0FDB15337B4D}.Release|x86.Build.0 = Release|Win32
		{B4B1ADDC-345F-4B3F-A225-DCE1F3001D72}.Debug|x64.ActiveCfg = Debug|x64
		{B4B1ADDC-345F-4B3F-A225-DCE1F3001D72}.Debug|x64.Build.0 = Debug|x64
		{B4B1ADDC-345F-4B3F-A225-DCE1F3001D72}.Debug|x86.ActiveCfg = Debug|Win32
		{B4B1ADDC-345F-4B3F-A225-DCE1F3001D72}.Debug|x86.Build.0 = Debug|Win32
		{B4B1ADDC-345F-4B3F-A225-DCE1F3001D72}.Release|x64.ActiveCfg = Release|x64
		{B4B1ADDC-345F-4B3F-A225-DCE1F3001D72}.Release|x64.Build.0 = Release|x64
		{B4B1ADDC-345F-4B3F-A225-DCE1F3001D72}.Release|x86.ActiveCfg = Release|Win32
		{B4B1ADDC-345F-4B3F-A225-DCE1F3001D72}.Release|x86.Build.0 = Release|Win32
		{841F7F88-BA00-449B-B96E-B3D441456863}.Debug|x64.ActiveCfg = Debug|x64
		{841F7F88-BA00-449B-B96E-B3D441456863}.Debug|x64.Build.0 = Debug|x64
		{841F7F88-BA00-449B-B96E-B3D441456863}.Debug|x86.ActiveCfg = Debug|Win32
		{841F7F88-BA00-449B-B96E-B3D441456863}.Debug|x86.Build.0 = Debug|Win32
		{841F7F88-BA00-449B-B96E-B3D441456863}.Release|x64.ActiveCfg = Release|x64
		{841F7F88-BA00-449B-B96E-B3D441456863}.Release|x64.Build.0 = Release|x64
		{841F7F88-BA00-449B-B96E-B3D441456863}.Release|x86.ActiveCfg = Release|Win32
		{841F7F88-BA00-449B-B96E-B3D441456863}.Release|x86.Build.0 = Release|Win32
		{5DBE9C76-CAB2-47F8-8F7D-4F0FC2DC90DC}.Debug|x64.ActiveCfg = Debug|x64
		{5DBE9C76-CAB2-47F8-8F7D-4F0FC2DC90DC}.Debug|x64.Build.0 = Debug|x64
		{5DBE9C76-CAB2-47F8-8F7D-4F0FC2DC90DC}.Debug|x86.ActiveCfg = Debug|Win32
		{5DBE9C76-CAB2-47F8-8F7D-4F0FC2DC90DC}.Debug|x86.Build.0 = Debug|Win32
		{5DBE9C76-CAB2-47F8-8F7D-4F0FC2DC90DC}.Release|x64.ActiveCfg = Release|x64
		{5DBE9C76-CAB2-47F8-8F7D-4F0FC2DC90DC}.Release|x64.Build.0 = Release|x64
		{5DBE9C76-CAB2-47F8-8F7D-4F0FC2DC90DC}.Release|x86.ActiveCfg = Release|Win32
		{5DBE9C76-CAB2-47F8-8F7D-4F0FC2DC90DC}.Release|x86.Build.0 = Release|Win32
		{C4340A94-6F0B-4112-8018-2AB8166F4137}.Debug|x64.ActiveCfg = Debug|x64
		{C4340A94-6F0B-4112-8018-2AB8166F4137}.Debug|x64.Build.0 = Debug|x64
		{C4340A94-6F0B-4112-8018-2AB8166F4137}.Debug|x86.ActiveCfg = Debug|Win32
		{C4340A94-6F0B-4112-8018-2AB8166F4137}.Debug|x86.Build.0 = Debug|Win32
		{C4340A94-6F0B-4112-8018-2AB8166F4137}.Release|x64.ActiveCfg = Release|x64
		{C4340A94-6F0B-4112-8018-2AB8166F4137}.Release|x64.Build.0 = Release|x64
		{C4340A94-6F0B-4112-8018-2AB8166F4137}.Release|x86.ActiveCfg = Release|Win32
		{C4340A94-6F0B-4112-8018-2AB8166F4137}.Release|x86.Build.0 = Release|Win32
		{8435F631-6954-455B-AE5C-4E1E1592B555}.Debug|x64.ActiveCfg = Debug|x64
		{8435F631-6954-455B-AE5C-4E1E1592B555}.Debug|x64.Build.0 = Debug|x64
		{8435F631-6954-455B-AE5C-4E1E1592B555}.Debug|x86.ActiveCfg = Debug|Win32
		{8435F631-6954-455B-AE5C-4E1E1592B555}.Debug|x86.Build.0 = Debug|Win32
		{8435F631-6954-455B-AE5C-4E1E1592B555}.Release|x64.ActiveCfg = Release|x64
		{8435F631-6954-455B-AE5C-4E1E1592B555}.Release|x64.Build.0 = Release|x64
		{8435F631-6954-455B-AE5C-4E1E1592B555}.Release|x86.ActiveCfg = Release|Win32
		{8435F631-6954-455B-AE5C-4E1E1592B555}.Release|x86.Build.0 = Release|Win32
		{6A9441A9-E3FE-4B97-9C2A-9BF36B26F42A}.Debug|x64.ActiveCfg = Debug|x64
		{6A9441A9-E3FE-4B97-9C2A-9BF36B26F42A}.Debug|x64.Build.0 = Debug|x64
		{6A9441A9-E3FE-4B97-9C2A-9BF36B26F42A}.Debug|x86.ActiveCfg = Debug|Win32
		{6A9441A9-E3FE-4B97-9C2A-9BF36B26F42A}.Debug|x86.Build.0 = Debug|Win32
		{6A9441A9-E3FE-4B97-9C2A-9BF36B26F42A}.Release|x64.ActiveCfg = Release|x64
		{6A9441A9-E3FE-4B97-9C2A-9BF36B26F42A}.Release|x64.Build.0 = Release|x64
		{6A9441A9-E3FE-4B97-9C2A-9BF36B26F42A}.Release|x86.ActiveCfg = Release|Win32
		{6A9441A9-E3FE-4B97-9C2A-9BF36B26F42A}.Release|x86.Build.0 = Release|Win32
		{536D4A00-6AD1-4D1B-82DF-35CE298027A6}.Debug|x64.ActiveCfg = Debug|x64
		{536D4A00-6AD1-4D1B-82DF-35CE298027A6}.Debug|x64.Build.0 = Debug|x64
		{536D4A00-6AD1-4D1B-82DF-35CE298027A6}.Debug|x86.ActiveCfg = Debug|Win32
		{536D4A00-6AD1-4D1B-82DF-35CE298027A6}.Debug|x86.Build.0 = Debug|Win32
		{536D4A00-6AD1-4D1B-82DF-35CE298027A6}.Release|x64.ActiveCfg = Release|x64
		{536D4A00-6AD1-4D1B-82DF-35CE298027A6}.Release|x64.Build.0 = Release|x64
		{536D4A00-6AD1-4D1B-82DF-35CE298027A6}.Release|x86.ActiveCfg = Release|Win32
		{536D4A00-6AD1-4D1B-82DF-35CE298027A6}.Release|x86.Build.0 = Release|Win32
		{117AD9D5-E406-4FB8-ACFA-D16EEBDB76E3}.Debug|x64.ActiveCfg = Debug|x64
		{117AD9D5-E406-4FB8-ACFA-D16EEBDB76E3}.Debug|x64.Build.0 = Debug|x64
		{117AD9D5-E406-4FB8-ACFA-D16EEBDB76E3}.Debug|x86.ActiveCfg = Debug|Win32
		{117AD9D5-E406-4FB8-ACFA-D16EEBDB76E3}.Debug|x86.Build.0 = Debug|Win32
		{117AD9D5-E406-4FB8-ACFA-D16EEBDB76E3}.Release|x64.ActiveCfg = Release|x64
		{117AD9D5-E406-4FB8-ACFA-D16EEBDB76E3}.Release|x64.Build.0 = Release|x64
		{117AD9D5-E406-4FB8-ACFA-D16EEBDB76E3}.Release|x86.ActiveCfg = Release|Win32
		{117AD9D5-E406-4FB8-ACFA-D16EEBDB76E3}.Release|x86.Build.0 = Release|Win32
		{4D93BF5F-998A-44EF-B125-F251C6E24F73}.Debug|x64.ActiveCfg = Debug|x64
		{4D93BF5F-998A-44EF-B125-F251C6E24F73}.Debug|x64.Build.0 = Debug|x64
		{4D93BF5F-998A-44EF-B125-F251C6E24F73}.Debug|x86.ActiveCfg = Debug|Win32
		{4D93BF5F-998A-44EF-B125-F251C6E24F73}.Debug|x86.Build.0 = Debug|Win32
		{4D93BF5F-998A-44EF-B125-F251C6E24F73}.Release|x64.ActiveCfg = Release|x64
		{4D93BF5F-998A-44EF-B125-F251C6E24F73}.Release|x64.Build.0 = Release|x64
		{4D93BF5F-998A-44EF-B125-F251C6E24F73}.Release|x86.ActiveCfg = Release|Win32
		{4D93BF5F-998A-44EF-B125-F251C6E24F73}.Release|x86.Build.0 = Release|Win32
		{191BC76E-BE27-4503-8884-746E675CAA4A}.Debug|x64.ActiveCfg = Debug|x64
		{191BC76E-BE27-4503-8884-746E675CAA4A}.Debug|x64.Build.0 = Debug|x64
		{191BC76E-BE27-4503-8884-746E675CAA4A}.Debug|x86.ActiveCfg = Debug|Win32
		{191BC76E-BE27-4503-8884-746E675CAA4A}.Debug|x86.Build.0 = Debug|Win32
		{191BC76E-BE27-4503-8884-746E675CAA4A}.Release|x64.ActiveCfg = Release|x64
		{191BC76E-BE27-4503-8884-746E675CAA4A}.Release|x64.Build.0 = Release|x64
		{191BC76E-BE27-4503-8884-746E675CAA4A}.Release|x86.ActiveCfg = Release|Win32
		{191BC76E-BE27-4503-8884-746E675CAA4A}.Release|x86.Build.0 = Release|Win32
		{85680985-E836-44C6-AC13-6B6260991250}.Debug|x64.ActiveCfg = Debug|x64
		{85680985-E836-44C6-AC13-6B6260991250}.Debug|x64.Build.0 = Debug|x64
		{85680985-E836-44C6-AC13-6B6260991250}.Debug|x86.ActiveCfg = Debug|Win32
		{85680985-E836-44C6-AC13-6B6260991250}.Debug|x86.Build.0 = Debug|Win32
		{85680985-E836-44C6-AC13-6B6260991250}.Release|x64.ActiveCfg = Release|x64
		{85680985-E836-44C6-AC13-6B6260991250}.Release|x64.Build.0 = Release|x64
		{85680985-E836-44C6-AC13-6B6260991250}.Release|x86.ActiveCfg = Release|Win32
		{85680985-E836-44C6-AC13-6B6260991250}.Release|x86.Build.0 = Release|Win32
		{D155F23D-5D53-4752-8E25-E84219451C98}.Debug|x64.ActiveCfg = Debug|x64
		{D155F23D-5D53-4752-8E25-E84219451C98}.Debug|x64.Build.0 = Debug|x64
		{D155F23D-5D53-4752-8E25-E84219451C98}.Debug|x86.ActiveCfg = Debug|Win32
		{D155F23D-5D53-4752-8E25-E84219451C98}.Debug|x86.Build.0 = Debug|Win32
		{D155F23D-5D53-4752-8E25-E84219451C98}.Release|x64.ActiveCfg = Release|x64
		{D155F23D-5D53-4752-8E25-E84219451C98}.Release|x64.Build.0 = Release|x64
		{D155F23D-5D53-4752-8E25-E84219451C98}.Release|x86.ActiveCfg = Release|Win32
		{D155F23D-5D53-4752-8E25-E84219451C98}.Release|x86.Build.0 = Release|Win32
		{BC22B658-6533-4B7A-9EDD-F896DA751340}.Debug|x64.ActiveCfg = Debug|x64
		{BC22B658-6533-4B7A-9EDD-F896DA751340}.Debug|x64.Build.0 = Debug|x64
		{BC22B658-6533-4B7A-9EDD-F896DA751340}.Debug|x86.ActiveCfg = Debug|Win32
		{BC22B658-6533-4B7A-9EDD-F896DA751340}.Debug|x86.Build.0 = Debug|Win32
		{BC22B658-6533-4B7A-9EDD-F896DA751340}.Release|x64.ActiveCfg = Release|x64
		{BC22B658-6533-4B7A-9EDD-F896DA751340}.Release|x64.Build.0 = Release|x64
		{BC22B658-6533-4B7A-9EDD-F896DA751340}.Release|x86.ActiveCfg = Release|Win32
		{BC22B658-6533-4B7A-9EDD-F896DA751340}.Release|x86.Build.0 = Release|Win32
		{5018EDF4-C3F7-4E12-A22F-0683F5936981}.Debug|x64.ActiveCfg = Debug|x64
		{5018EDF4-C3F7-4E12-A22F-0683F5936981}.Debug|x64.Build.0 = Debug|x64
		{5018EDF4-C3F7-4E12-A22F-0683F5936981}.Debug|x86.ActiveCfg = Debug|Win32
		{5018EDF4-C3F7-4E12-A22F-0683F5936981}.Debug|x86.Build.0 = Debug|Win32
		{5018EDF4-C3F7-4E12-A22F-0683F5936981}.Release|x64.ActiveCfg = Release|x64
		{5018EDF4-C3F7-4E12-A22F-0683F5936981}.Release|x64.Build.0 = Release|x64
		{5018EDF4-C3F7-4E12-A22F-0683F5936981}.Release|x86.ActiveCfg = Release|Win32
		{5018EDF4-C3F7-4E12-A22F-0683F5936981}.Release|x86.Build.0 = Release|Win32
		{465718B7-6C23-4112-8886-386DA2F30FE2}.Debug|x64.ActiveCfg = Debug|x64
		{465718B7-6C23-4112-8886-386DA2F30FE2}.Debug|x64.Build.0 = Debug|x64
		{465718B7-6C23-4112-8886-386DA2F30FE2}.Debug|x86.ActiveCfg = Debug|Win32
		{465718B7-6C23-4112-8886-386DA2F30FE2}.Debug|x86.Build.0 = Debug|Win32
		{465718B7-6C23-4112-8886-386DA2F30FE2}.Release|x64.ActiveCfg = Release|x64
		{465718B7-6C23-4112-8886-386DA2F30FE2}.Release|x64.Build.0 = Release|x64
		{465718B7-6C23-4112-8886-386DA2F30FE2}.Release|x86.ActiveCfg = Release|Win32
		{465718B7-6C23-4112-8886-386DA2F30FE2}.Release|x86.Build.0 = Release|Win32
		{63C4D01A-D7DC-492A-B4AE-0B202B57C9EB}.Debug|x64.ActiveCfg = Debug|x64
		{63C4D01A-D7DC-492A-B4AE-0B202B57C9EB}.Debug|x64.Build.0 = Debug|x64
		{63C4D01A-D7DC-492A-B4AE-0B202B57C9EB}.Debug|x86.ActiveCfg = Debug|Win32
		{63C4D01A-D7DC-492A-B4AE-0B202B57C9EB}.Debug|x86.Build.0 = Debug|Win32
		{63C4D01A-D7DC-492A-B4AE-0B202B57C9EB}.Release|x64.ActiveCfg = Release|x64
		{63C4D01A-D7DC-492A-B4AE-0B202B57C9EB}.Release|x64.Build.0 = Release|x64
		{63C4D01A-D7DC-492A-B4AE-0B202B57C9EB}.Release|x86.ActiveCfg = Release|Win32
		{63C4D01A-D7DC-492A-B4AE-0B202B57C9EB}.Release|x86.Build.0 = Release|Win32
		{0D38B136-AD5F-4ABB-8A01-14D82B8DF461}.Debug|x64.ActiveCfg = Debug|x64
		{0D38B136-AD5F-4ABB-8A01-14D82B8DF461}.Debug|x64.Build.0 = Debug|x64
		{0D38B136-AD5F-4ABB-8A01-14D82B8DF461}.Debug|x86.ActiveCfg = Debug|Win32
		{0D38B136-AD5F-4ABB-8A01-14D82B8DF461}.Debug|x86.Build.0 = Debug|Win32
		{0D38B136-AD5F-4ABB-8A01-14D82B8DF461}.Release|x64.ActiveCfg = Release|x64
		{0D38B136-AD5F-4ABB-8A01-14D82B8DF461}.Release|x64.Build.0 = Release|x64
		{0D38B136-AD5F-4ABB-8A01-14D82B8DF461}.Release|x86.ActiveCfg = Release|Win32
		{0D38B136-AD5F-4ABB-8A01-14D82B8DF461}.Release|x86.Build.0 = Release|Win32
		{2AD79E61-8DAB-42A5-8167-8D39996E3162}.Debug|x64.ActiveCfg = Debug|x64
		{2AD79E61-8DAB-42A5-8167-8D39996E3162}.Debug|x64.Build.0 = Debug|x64
		{2AD79E61-8DAB-42A5-8167-8D39996E3162}.Debug|x86.ActiveCfg = Debug|Win32
		{2AD79E61-8DAB-42A5-8167-8D39996E3162}.Debug|x86.Build.0 = Debug|Win32
		{2AD79E61-8DAB-42A5-8167-8D39996E3162}.Release|x64.ActiveCfg = Release|x64
		{2AD79E61-8DAB-42A5-8167-8D39996E3162}.Release|x64.Build.0 = Release|x64
		{2AD79E61-8DAB-42A5-8167-8D39996E3162}.Release|x86.ActiveCfg = Release|Win32
		{2AD79E61-8DAB-42A5-8167-8D39996E3162}.Release|x86.Build.0 = Release|Win32
		{77C7E001-A6EA-4EAB-BF52-AD57C9A839BA}.Debug|x64.ActiveCfg = Debug|x64
		{77C7E001-A6EA-4EAB-BF52-AD57C9A839BA}.Debug|x64.Build.0 = Debug|x64
		{77C7E001-A6EA-4EAB-BF52-AD57C9A839BA}.Debug|x86.ActiveCfg = Debug|Win32
		{77C7E001-A6EA-4EAB-BF52-AD57C9A839BA}.Debug|x86.Build.0 = Debug|Win32
		{77C7E001-A6EA-4EAB-BF52-AD57C9A839BA}.Release|x64.ActiveCfg = Release|x64
		{77C7E001-A6EA-4EAB-BF52-AD57C9A839BA}.Release|x64.Build.0 = Release|x64
		{77C7E001-A6EA-4EAB-BF52-AD57C9A839BA}.Release|x86.ActiveCfg = Release|Win32
		{77C7E001-A6EA-4EAB-BF52-AD57C9A839BA}.Release|x86.Build.0 = Release|Win32
		{D0BA4DEE-95A3-4FF6-8F9C-F891C497FB4C}.Debug|x64.ActiveCfg = Debug|x64
		{D0BA4DEE-95A3-4FF6-8F9C-F891C497FB4C}.Debug|x64.Build.0 = Debug|x64
		{D0BA4DEE-95A3-4FF6-8F9C-F891C497FB4C}.Debug|x86.ActiveCfg = Debug|Win32
		{D0BA4DEE-95A3-4FF6-8F9C-F891C497FB4C}.Debug|x86.Build.0 = Debug|Win32
		{D0BA4DEE-95A3-4FF6-8F9C-F891C497FB4C}.Release|x64.ActiveCfg = Release|x64
		{D0BA4DEE-95A3-4FF6-8F9C-F891C497FB4C}.Release|x64.Build.0 = Release|x64
		{D0BA4DEE-95A3-4FF6-8F9C-F891C497FB4C}.Release|x86.ActiveCfg = Release|Win32
		{D0BA4DEE-95A3-4FF6-8F9C-F891C497FB4C}.Release|x86.Build.0 = Release|Win32
		{857D5168-D292-4761-9AEA-DE709D61DD0C}.Debug|x64.ActiveCfg = Debug|x64
		{857D5168-D292-4761-9AEA-DE709D61DD0C}.Debug|x64.Build.0 = Debug|x64
		{857D5168-D292-4761-9AEA-DE709D61DD0C}.Debug|x86.ActiveCfg = Debug|Win32
		{857D5168-D292-4761-9AEA-DE709D61DD0C}.Debug|x86.Build.0 = Debug|Win32
		{857D5168-D292-4761-9AEA-DE709D61DD0C}.Release|x64.ActiveCfg = Release|x64
		{857D5168-D292-4761-9AEA-DE709D61DD0C}.Release|x64.Build.0 = Release|x64
		{857D5168-D292-4761-9AEA-DE709D61DD0C}.Release|x86.ActiveCfg = Release|Win32
		{857D5168-D292-4761-9AEA-DE709D61DD0C}.Release|x86.Build.0 = Release|Win32
		{D08D2F94-693B-47C9-9F8A-7EFABD76E52F}.Debug|x64.ActiveCfg = Debug|x64
		{D08D2F94-693B-47C9-9F8A-7EFABD76E52F}.Debug|x64.Build.0 = Debug|x64
		{D08D2F94-693B-47C9-9F8A-7EFABD76E52F}.Debug|x86.ActiveCfg = Debug|Win32
		{D08D2F94-693B-47C9-9F8A-7EFABD76E52F}.Debug|x86.Build.0 = Debug|Win32
		{D08D2F94-693B-47C9-9F8A-7EFABD76E52F}.Release|x64.ActiveCfg = Release|x64
		{D08D2F94-693B-47C9-9F8A-7EFABD76E52F}.Release|x64.Build.0 = Release|x64
		{D08D2F94-693B-47C9-9F8A-7EFABD76E52F}.Release|x86.ActiveCfg = Release|Win32
		{D08D2F94-693B-47C9-9F8A-7EFABD76E52F}.Release|x86.Build.0 = Release|Win32
		{7B238ED5-D595-4BFC-B2C0-0C814BF112C2}.Debug|x64.ActiveCfg = Debug|x64
		{7B238ED5-D595-4BFC-B2C0-0C814BF112C2}.Debug|x64.Build.0 = Debug|x64
		{7B238ED5-D595-4BFC-B2C0-0C814BF112C2}.Debug|x86.ActiveCfg = Debug|Win32
		{7B238ED5-D595-4BFC-B2C0-0C814BF112C2}.Debug|x86.Build.0 = Debug|Win32
		{7B238ED5-D595-4BFC-B2C0-0C814BF112C2}.Release|x64.ActiveCfg = Release|x64
		{7B238ED5-D595-4BFC-B2C0-0C814BF112C2}.Release|x64.Build.0 = Release|x64
		{7B238ED5-D595-4BFC-B2C0-0C814BF112C2}.Release|x86.ActiveCfg = Release|Win32
		{7B238ED5-D595-4BFC-B2C0-0C814BF112C2}.Release|x86.Build.0 = Release|Win32
		{AD0C32FF-A96F-45BC-A901-23EFA9D31D20}.Debug|x64.ActiveCfg = Debug|x64
		{AD0C32FF-A96F-45BC-A901-23EFA9D31D20}.Debug|x64.Build.0 = Debug|x64
		{AD0C32FF-A96F-45BC-A901-23EFA9D31D20}.Debug|x86.ActiveCfg = Debug|Win32
		{AD0C32FF-A96F-45BC-A901-23EFA9D31D20}.Debug|x86.Build.0 = Debug|Win32
		{AD0C32FF-A96F-45BC-A901-23EFA9D31D20}.Release|x64.ActiveCfg = Release|x64
		{AD0C32FF-A96F-45BC-A901-23EFA9D31D20}.Release|x64.Build.0 = Release|x64
		{AD0C32FF-A96F-45BC-A901-23EFA9D31D20}.Release|x86.ActiveCfg = Release|Win32
		{AD0C32FF-A96F-45BC-A901-23EFA9D31D20}.Release|x86.Build.0 = Release|Win32
		{4AB5FA3E-D560-4305-B53F-A2A439967458}.Debug|x64.ActiveCfg = Debug|x64
		{4AB5FA3E-D560-4305-B53F-A2A439967458}.Debug|x64.Build.0 = Debug|x64
		{4AB5FA3E-D560-4305-B53F-A2A439967458}.Debug|x86.ActiveCfg = Debug|Win32
		{4AB5FA3E-D560-4305-B53F-A2A439967458}.Debug|x86.Build.0 = Debug|Win32
		{4AB5FA3E-D560-4305-B53F-A2A439967458}.Release|x64.ActiveCfg = Release|x64
		{4AB5FA3E-D560-4305-B53F-A2A439967458}.Release|x64.Build.0 = Release|x64
		{4AB5FA3E-D560-4305-B53F-A2A439967458}.Release|x86.ActiveCfg = Release|Win32
		{4AB5FA3E-D560-4305-B53F-A2A439967458}.Release|x86.Build.0 = Release|Win32
		{A029B6A6-7A66-4EBD-9802-4CBBE74BCD98}.Debug|x64.ActiveCfg = Debug|x64
		{A029B6A6-7A66-4EBD-9802-4CBBE74BCD98}.Debug|x64.Build.0 = Debug|x64
		{A029B6A6-7A66-4EBD-9802-4CBBE74BCD98}.Debug|x86.ActiveCfg = Debug|Win32
		{A029B6A6-7A66-4EBD-9802-4CBBE74BCD98}.Debug|x86.Build.0 = Debug|Win32
		{A029B6A6-7A66-4EBD-9802-4CBBE74BCD98}.Release|x64.ActiveCfg = Release|x64
		{A029B6A6-7A66-4EBD-9802-4CBBE74BCD98}.Release|x64.Build.0 = Release|x64
		{A029B6A6-7A66-4EBD-9802-4CBBE74BCD98}.Release|x86.ActiveCfg = Release|Win32
		{A029B6A6-7A66-4EBD-9802-4CBBE74BCD98}.Release|x86.Build.0 = Release|Win32
		{2E62C7B5-B135-419C-8C0E-DB4B8B8FE49B}.Debug|x64.ActiveCfg = Debug|x64
		{2E62C7B5-B135-419C-8C0E-DB4B8B8FE49B}.Debug|x64.Build.0 = Debug|x64
		{2E62C7B5-B135-419C-8C0E-DB4B8B8FE49B}.Debug|x86.ActiveCfg = Debug|Win32
		{2E62C7B5-B135-419C-8C0E-DB4B8B8FE49B}.Debug|x86.Build.0 = Debug|Win32
		{2E62C7B5-B135-419C-8C0E-DB4B8B8FE49B}.Release|x64.ActiveCfg = Release|x64
		{2E62C7B5-B135-419C-8C0E-DB4B8B8FE49B}.Release|x64.Build.0 = Release|x64
		{2E62C7B5-B135-419C-8C0E-DB4B8B8FE49B}.Release|x86.ActiveCfg = Release|Win32
		{2E62C7B5-B135-419C-8C0E-DB4B8B8FE49B}.Release|x86.Build.0 = Release|Win32
		{AAD16F4C-13C5-4873-AF17-2DFE49995C0A}.Debug|x64.ActiveCfg = Debug|x64
		{AAD16F4C-13C5-4873-AF17-2DFE49995C0A}.Debug|x64.Build.0 = Debug|x64
		{AAD16F4C-13C5-4873-AF17-2DFE49995C0A}.Debug|x86.ActiveCfg = Debug|Win32
		{AAD16F4C-13C5-4873-AF17-2DFE49995C0A}.Debug|x86.Build.0 = Debug|Win32
		{AAD16F4C-13C5-4873-AF17-2DFE49995C0A}.Release|x64.ActiveCfg = Release|x64
		{AAD16F4C-13C5-4873-AF17-2DFE49995C0A}.Release|x64.Build.0 = Release|x64
		{AAD16F4C-13C5-4873-AF17-2DFE49995C0A}.Release|x86.ActiveCfg = Release|Win32
		{AAD16F4C-13C5-4873-AF17-2DFE49995C0A}.Release|x86.Build.0 = Release|Win32
		{C0B09C16-051A-4913-8927-77DB05D9BDC9}.Debug|x64.ActiveCfg = Debug|x64
		{C0B09C16-051A-4913-8927-77DB05D9BDC9}.Debug|x64.Build.0 = Debug|x64
		{C0B09C16-051A-4913-8927-77DB05D9BDC9}.Debug|x86.ActiveCfg = Debug|Win32
		{C0B09C16-051A-4913-8927-77DB05D9BDC9}.Debug|x86.Build.0 = Debug|Win32
		{C0B09C16-051A-4913-8927-77DB05D9BDC9}.Release|x64.ActiveCfg = Release|x64
		{C0B09C16-051A-4913-8927-77DB05D9BDC9}.Release|x64.Build.0 = Release|x64
		{C0B09C16-051A-4913-8927-77DB05D9BDC9}.Release|x86.ActiveCfg = Release|Win32
		{C0B09C16-051A-4913-8927-77DB05D9BDC9}.Release|x86.Build.0 = Release|Win32
		{50B7C2F5-9E49-4116-8D37-CA9EEC415879}.Debug|x64.ActiveCfg = Debug|x64
		{50B7C2F5-9E49-4116-8D37-CA9EEC415879}.Debug|x64.Build.0 = Debug|x64
		{50B7C2F5-9E49-4116-8D37-CA9EEC415879}.Debug|x86.ActiveCfg = Debug|Win32
		{50B7C2F5-9E49-4116-8D37-CA9EEC415879}.Debug|x86.Build.0 = Debug|Win32
		{50B7C2F5-9E49-4116-8D37-CA9EEC415879}.Release|x64.ActiveCfg = Release|x64
		{50B7C2F5-9E49-4116-8D37-CA9EEC415879}.Release|x64.Build.0 = Release|x64
		{50B7C2F5-9E49-4116-8D37-CA9EEC415879}.Release|x86.ActiveCfg = Release|Win32
		{50B7C2F5-9E49-4116-8D37-CA9EEC415879}.Release|x86.Build.0 = Release|Win32
		{1219EEFB-CE6B-4590-94A8-53C662B567EE}.Debug|x64.ActiveCfg = Debug|x64
		{1219EEFB-CE6B-4590-94A8-53C662B567EE}.Debug|x64.Build.0 = Debug|x64
		{1219EEFB-CE6B-4590-94A8-53C662B567EE}.Debug|x86.ActiveCfg = Debug|Win32
		{1219EEFB-CE6B-4590-94A8-53C662B567EE}.Debug|x86.Build.0 = Debug|Win32
		{1219EEFB-CE6B-4590-94A8-53C662B567EE}.Release|x64.ActiveCfg = Release|x64
		{1219EEFB-CE6B-4590-94A8-53C662B567EE}.Release|x64.Build.0 = Release|x64
		{1219EEFB-CE6B-4590-94A8-53C662B567EE}.Release|x86.ActiveCfg = Release|Win32
		{1219EEFB-CE6B-4590-94A8-53C662B567EE}.Release|x86.Build.0 = Release|Win32
		{7F7A9415-E470-4D7D-A13E-C5EDCF09EEF6}.Debug|x64.ActiveCfg = Debug|x64
		{7F7A9415-E470-4D7D-A13E-C5EDCF09EEF6}.Debug|x64.Build.0 = Debug|x64
		{7F7A9415-E470-4D7D-A13E-C5EDCF09EEF6}.Debug|x86.ActiveCfg = Debug|Win32
		{7F7A9415-E470-4D7D-A13E-C5EDCF09EEF6}.Debug|x86.Build.0 = Debug|Win32
		{7F7A9415-E470-4D7D-A13E-C5EDCF09EEF6}.Release|x64.ActiveCfg = Release|x64
		{7F7A9415-E470-4D7D-A13E-C5EDCF09EEF6}.Release|x64.Build.0 = Release|x64
		{7F7A9415-E470-4D7D-A13E-C5EDCF09EEF6}.Release|x86.ActiveCfg = Release|Win32
		{7F7A9415-E470-4D7D-A13E-C5EDCF09EEF6}.Release|x86.Build.0 = Release|Win32
		{BBCF496C-D63B-4F2A-A35E-713B549D7A28}.Debug|x64.ActiveCfg = Debug|x64
		{BBCF496C-D63B-4F2A-A35E-713B549D7A28}.Debug|x64.Build.0 = Debug|x64
		{BBCF496C-D63B-4F2A-A35E-713B549D7A28}.Debug|x86.ActiveCfg = Debug|Win32
		{BBCF496C-D63B-4F2A-A35E-713B549D7A28}.Debug|x86.Build.0 = Debug|Win32
		{BBCF496C-D63B-4F2A-A35E-713B549D7A28}.Release|x64.ActiveCfg = Release|x64
		{BBCF496C-D63B-4F2A-A35E-713B549D7A28}.Release|x64.Build.0 = Release|x64
		{BBCF496C-D63B-4F2A-A35E-713B549D7A28}.Release|x86.ActiveCfg = Release|Win32
		{BBCF496C-D63B-4F2A-A35E-713B549D7A28}.Release|x86.Build.0 = Release|Win32
		{08041383-6C40-490F-83A1-CFA1E6D66F0E}.Debug|x64.ActiveCfg = Debug|x64
		{08041383-6C40-490F-83A1-CFA1E6D66F0E}.Debug|x64.Build.0 = Debug|x64
		{08041383-6C40-490F-83A1-CFA1E6D66F0E}.Debug|x86.ActiveCfg = Debug|Win32
		{08041383-6C40-490F-83A1-CFA1E6D66F0E}.Debug|x86.Build.0 = Debug|Win32
		{08041383-6C40-490F-83A1-CFA1E6D66F0E}.Release|x64.ActiveCfg = Release|x64
		{08041383-6C40-490F-83A1-CFA1E6D66F0E}.Release|x64.Build.0 = Release|x64
		{08041383-6C40-490F-83A1-CFA1E6D66F0E}.Release|x86.ActiveCfg = Release|Win32
		{08041383-6C40-490F-83A1-CFA1E6D66F0E}.Release|x86.Build.0 = Release|Win32
		{8570D526-3157-4DEE-B705-67D9275EDB7D}.Debug|x64.ActiveCfg = Debug|x64
		{8570D526-3157-4DEE-B705-67D9275EDB7D}.Debug|x64.Build.0 = Debug|x64
		{8570D526-3157-4DEE-B705-67D9275EDB7D}.Debug|x86.ActiveCfg = Debug|Win32
		{8570D526-3157-4DEE-B705-67D9275EDB7D}.Debug|x86.Build.0 = Debug|Win32
		{8570D526-3157-4DEE-B705-67D9275EDB7D}.Release|x64.ActiveCfg = Release|x64
		{8570D526-3157-4DEE-B705-67D9275EDB7D}.Release|x64.Build.0 = Release|x64
		{8570D526-3157-4DEE-B705-67D9275EDB7D}.Release|x86.ActiveCfg = Release|Win32
		{8570D526-3157-4DEE-B705-67D9275EDB7D}.Release|x86.Build.0 = Release|Win32
		{C6F80376-C033-4587-9927-56F5823E01AC}.Debug|x64.ActiveCfg = Debug|x64
		{C6F80376-C033-4587-9927-56F5823E01AC}.Debug|x64.Build.0 = Debug|x64
		{C6F80376-C033-4587-9927-56F5823E01AC}.Debug|x86.ActiveCfg = Debug|Win32
		{C6F80376-C033-4587-9927-56F5823E01AC}.Debug|x86.Build.0 = Debug|Win32
		{C6F80376-C033-4587-9927-56F5823E01AC}.Release|x64.ActiveCfg = Release|x64
		{C6F80376-C033-4587-9927-56F5823E01AC}.Release|x64.Build.0 = Release|x64
		{C6F80376-C033-4587-9927-56F5823E01AC}.Release|x86.ActiveCfg = Release|Win32
		{C6F80376-C033-4587-9927-56F5823E01AC}.Release|x86.Build.0 = Release|Win32
		{2CE13A69-504F-4D3E-9A1F-6F3719056376}.Debug|x64.ActiveCfg = Debug|x64
		{2CE13A69-504F-4D3E-9A1F-6F3719056376}.Debug|x64.Build.0 = Debug|x64
		{2CE13A69-504F-4D3E-9A1F-6F3719056376}.Debug|x86.ActiveCfg = Debug|Win32
		{2CE13A69-504F-4D3E-9A1F-6F3719056376}.Debug|x86.Build.0 = Debug|Win32
		{2CE13A69-504F-4D3E-9A1F-6F3719056376}.Release|x64.ActiveCfg = Release|x64
		{2CE13A69-504F-4D3E-9A1F-6F3719056376}.Release|x64.Build.0 = Release|x64
		{2CE13A69-504F-4D3E-9A1F-6F3719056376}.Release|x86.ActiveCfg = Release|Win32
		{2CE13A69-504F-4D3E-9A1F-6F3719056376}.Release|x86.Build.0 = Release|Win32
		{BE51EA65-1F7F-4033-BE18-1F1415C4835D}.Debug|x64.ActiveCfg = Debug|x64
		{BE51EA65-1F7F-4033-BE18-1F1415C4835D}.Debug|x64.Build.0 = Debug|x64
		{BE51EA65-1F7F-4033-BE18-1F1415C4835D}.Debug|x86.ActiveCfg = Debug|Win32
		{BE51EA65-1F7F-4033-BE18-1F1415C4835D}.Debug|x86.Build.0 = Debug|Win32
		{BE51EA65-1F7F-4033-BE18-1F1415C4835D}.Release|x64.ActiveCfg = Release|x64
		{BE51EA65-1F7F-4033-BE18-1F1415C4835D}.Release|x64.Build.0 = Release|x64
		{BE51EA65-1F7F-4033-BE18-1F1415C4835D}.Release|x86.ActiveCfg = Release|Win32
		{BE51EA65-1F7F-4033-BE18-1F1415C4835D}.Release|x86.Build.0 = Release|Win32
		{8ACBA348-4DE2-4996-9BF0-45F8069FFDE9}.Debug|x64.ActiveCfg = Debug|x64
		{8ACBA348-4DE2-4996-9BF0-45F8069FFDE9}.Debug|x64.Build.0 = Debug|x64
		{8ACBA348-4DE2-4996-9BF0-45F8069FFDE9}.Debug|x86.ActiveCfg = Debug|Win32
		{8ACBA348-4DE2-4996-9BF0-45F8069FFDE9}.Debug|x86.Build.0 = Debug|Win32
		{8ACBA348-4DE2-4996-9BF0-45F8069FFDE9}.Release|x64.ActiveCfg = Release|x64
		{8ACBA348-4DE2-4996-9BF0-45F8069FFDE9}.Release|x64.Build.0 = Release|x64
		{8ACBA348-4DE2-4996-9BF0-45F8069FFDE9}.Release|x86.ActiveCfg = Release|Win32
		{8ACBA348-4DE2-4996-9BF0-45F8069FFDE9}.Release|x86.Build.0 = Release|Win32
		{35922730-1064-4404-A4BC-0CE49DED67C3}.Debug|x64.ActiveCfg = Debug|x64
		{35922730-1064-4404-A4BC-0CE49DED67C3}.Debug|x64.Build.0 = Debug|x64
		{35922730-1064-4404-A4BC-0CE49DED67C3}.Debug|x86.ActiveCfg = Debug|Win32
		{35922730-1064-4404-A4BC-0CE49DED67C3}.Debug|x86.Build.0 = Debug|Win32
		{35922730-1064-4404-A4BC-0CE49DED67C3}.Release|x64.ActiveCfg = Release|x64
		{35922730-1064-4404-A4BC-0CE49DED67C3}.Release|x64.Build.0 = Release|x64
		{35922730-1064-4404-A4BC-0CE49DED67C3}.Release|x86.ActiveCfg = Release|Win32
		{35922730-1064-4404-A4BC-0CE49DED67C3}.Release|x86.Build.0 = Release|Win32
		{298B54CB-E139-4659-8D37-A6D27EF8F193}.Debug|x64.ActiveCfg = Debug|x64
		{298B54CB-E139-4659-8D37-A6D27EF8F193}.Debug|x64.Build.0 = Debug|x64
		{298B54CB-E139-4659-8D37-A6D27EF8F193}.Debug|x86.ActiveCfg = Debug|Win32
		{298B54CB-E139-4659-8D37-A6D27EF8F193}.Debug|x86.Build.0 = Debug|Win32
		{298B54CB-E139-4659-8D37-A6D27EF8F193}.Release|x64.ActiveCfg = Release|x64
		{298B54CB-E139-4659-8D37-A6D27EF8F193}.Release|x64.Build.0 = Release|x64
		{298B54CB-E139-4659-8D37-A6D27EF8F193}.Release|x86.ActiveCfg = Release|Win32
		{298B54CB-E139-4659-8D37-A6D27EF8F193}.Release|x86.Build.0 = Release|Win32
		{AD9CFED8-468B-450F-83D6-AF3654F23794}.Debug|x64.ActiveCfg = Debug|x64
		{AD9CFED8-468B-450F-83D6-AF3654F23794}.Debug|x64.Build.0 = Debug|x64
		{AD9CFED8-468B-450F-83D6-AF3654F23794}.Debug|x86.ActiveCfg = Debug|Win32
		{AD9CFED8-468B-450F-83D6-AF3654F23794}.Debug|x86.Build.0 = Debug|Win32
		{AD9CFED8-468B-450F-83D6-AF3654F23794}.Release|x64.ActiveCfg = Release|x64
		{AD9CFED8-468B-450F-83D6-AF3654F23794}.Release|x64.Build.0 = Release|x64
		{AD9CFED8-468B-450F-83D6-AF3654F23794}.Release|x86.ActiveCfg = Release|Win32
		{AD9CFED8-468B-450F-83D6-AF3654F23794}.Release|x86.Build.0 = Release|Win32
		{A58C4F7B-D118-4A70-982F-7B9F012DA99A}.Debug|x64.ActiveCfg = Debug|x64
		{A58C4F7B-D118-4A70-982F-7B9F012DA99A}.Debug|x64.Build.0 = Debug|x64
		{A58C4F7B-D118-4A70-982F-7B9F012DA99A}.Debug|x86.ActiveCfg = Debug|Win32
		{A58C4F7B-D118-4A70-982F-7B9F012DA99A}.Debug|x86.Build.0 = Debug|Win32
		{A58C4F7B-D118-4A70-982F-7B9F012DA99A}.Release|x64.ActiveCfg = Release|x64
		{A58C4F7B-D118-4A70-982F-7B9F012DA99A}.Release|x64.Build.0 = Release|x64
		{A58C4F7B-D118-4A70-982F-7B9F012DA99A}.Release|x86.ActiveCfg = Release|Win32
		{A58C4F7B-D118-4A70-982F-7B9F012DA99A}.Release|x86.Build.0 = Release|Win32
		{34C0CAED-02FA-46E7-A951-10E9617E9C57}.Debug|x64.ActiveCfg = Debug|x64
		{34C0CAED-02FA-46E7-A951-10E9617E9C57}.Debug|x64.Build.0 = Debug|x64
		{34C0CAED-02FA-46E7-A951-10E9617E9C57}.Debug|x86.ActiveCfg = Debug|Win32
		{34C0CAED-02FA-46E7-A951-10E9617E9C57}.Debug|x86.Build.0 = Debug|Win32
		{34C0CAED-02FA-46E7-A951-10E9617E9C57}.Release|x64.ActiveCfg = Release|x64
		{34C0CAED-02FA-46E7-A951-10E9617E9C57}.Release|x64.Build.0 = Release|x64
		{34C0CAED-02FA-46E7-A951-10E9617E9C57}.Release|x86.ActiveCfg = Release|Win32
		{34C0CAED-02FA-46E7-A951-10E9617E9C57}.Release|x86.Build.0 = Release|Win32
		{EE550559-E9E3-425F-A3DC-3E9C2AB5753D}.Debug|x64.ActiveCfg = Debug|x64
		{EE550559-E9E3-425F-A3DC-3E9C2AB5753D}.Debug|x64.Build.0 = Debug|x64
		{EE550559-E9E3-425F-A3DC-3E9C2AB5753D}.Debug|x86.ActiveCfg = Debug|Win32
		{EE550559-E9E3-425F-A3DC-3E9C2AB5753D}.Debug|x86.Build.0 = Debug|Win32
		{EE550559-E9E3-425F-A3DC-3E9C2AB5753D}.Release|x64.ActiveCfg = Release|x64
		{EE550559-E9E3-425F-A3DC-3E9C2AB5753D}.Release|x64.Build.0 = Release|x64
		{EE550559-E9E3-425F-A3DC-3E9C2AB5753D}.Release|x86.ActiveCfg = Release|Win32
		{EE550559-E9E3-425F-A3DC-3E9C2AB5753D}.Release|x86.Build.0 = Release|Win32
		{160F8FAB-79DF-4ABB-96FC-8F38FF1B305E}.Debug|x64.ActiveCfg = Debug|x64
		{160F8FAB-79DF-4ABB-96FC-8F38FF1B305E}.Debug|x64.Build.0 = Debug|x64
		{160F8FAB-79DF-4ABB-96FC-8F38FF1B305E}.Debug|x86.ActiveCfg = Debug|Win32
		{160F8FAB-79DF-4ABB-96FC-8F38FF1B305E}.Debug|x86.Build.0 = Debug|Win32
		{160F8FAB-79DF-4ABB-96FC-8F38FF1B305E}.Release|x64.ActiveCfg = Release|x64
		{160F8FAB-79DF-4ABB-96FC-8F38FF1B305E}.Release|x64.Build.0 = Release|x64
		{160F8FAB-79DF-4ABB-96FC-8F38FF1B305E}.Release|x86.ActiveCfg = Release|Win32
		{160F8FAB-79DF-4ABB-96FC-8F38FF1B305E}.Release|x86.Build.0 = Release|Win32
		{7C107462-7EEF-4B13-B932-6C31EDDC07D4}.Debug|x64.ActiveCfg = Debug|x64
		{7C107462-7EEF-4B13-B932-6C31EDDC07D4}.Debug|x64.Build.0 = Debug|x64
		{7C107462-7EEF-4B13-B932-6C31EDDC07D4}.Debug|x86.ActiveCfg = Debug|Win32
		{7C107462-7EEF-4B13-B932-6C31EDDC07D4}.Debug|x86.Build.0 = Debug|Win32
		{7C107462-7EEF-4B13-B932-6C31EDDC07D4}.Release|x64.ActiveCfg = Release|x64
		{7C107462-7EEF-4B13-B932-6C31EDDC07D4}.Release|x64.Build.0 = Release|x64
		{7C107462-7EEF-4B13-B932-6C31EDDC07D4}.Release|x86.ActiveCfg = Release|Win32
		{7C107462-7EEF-4B13-B932-6C31EDDC07D4}.Release|x86.Build.0 = Release|Win32
		{01F5AAE3-650F-4AF5-9C49-5DB582E1A878}.Debug|x64.ActiveCfg = Debug|x64
		{01F5AAE3-650F-4AF5-9C49-5DB582E1A878}.Debug|x64.Build.0 = Debug|x64
		{01F5AAE3-650F-4AF5-9C49-5DB582E1A878}.Debug|x86.ActiveCfg = Debug|Win32
		{01F5AAE3-650F-4AF5-9C49-5DB582E1A878}.Debug|x86.Build.0 = Debug|Win32
		{01F5AAE3-650F-4AF5-9C49-5DB582E1A878}.Release|x64.ActiveCfg = Release|x64
		{01F5AAE3-650F-4AF5-9C49-5DB582E1A878}.Release|x64.Build.0 = Release|x64
		{01F5AAE3-650F-4AF5-9C49-5DB582E1A878}.Release|x86.ActiveCfg = Release|Win32
		{01F5AAE3-650F-4AF5-9C49-5DB582E1A878}.Release|x86.Build.0 = Release|Win32
		{09FBC41D-AE68-45EC-B259-E1FB04D268FA}.Debug|x64.ActiveCfg = Debug|x64
		{09FBC41D-AE68-45EC-B259-E1FB04D268FA}.Debug|x64.Build.0 = Debug|x64
		{09FBC41D-AE68-45EC-B259-E1FB04D268FA}.Debug|x86.ActiveCfg = Debug|Win32
		{09FBC41D-AE68-45EC-B259-E1FB04D268FA}.Debug|x86.Build.0 = Debug|Win32
		{09FBC41D-AE68-45EC-B259-E1FB04D268FA}.Release|x64.ActiveCfg = Release|x64
		{09FBC41D-AE68-45EC-B259-E1FB04D268FA}.Release|x64.Build.0 = Release|x64
		{09FBC41D-AE68-45EC-B259-E1FB04D268FA}.Release|x86.ActiveCfg = Release|Win32
		{09FBC41D-AE68-45EC-B259-E1FB04D268FA}.Release|x86.Build.0 = Release|Win32
		{D1C78463-BA71-4D67-81E3-F177FD8E6C52}.Debug|x64.ActiveCfg = Debug|x64
		{D1C78463-BA71-4D67-81E3-F177FD8E6C52}.Debug|x64.Build.0 = Debug|x64
		{D1C78463-BA71-4D67-81E3-F177FD8E6C52}.Debug|x86.ActiveCfg = Debug|Win32
		{D1C78463-BA71-4D67-81E3-F177FD8E6C52}.Debug|x86.Build.0 = Debug|Win32
		{D1C78463-BA71-4D67-81E3-F177FD8E6C52}.Release|x64.ActiveCfg = Release|x64
		{D1C78463-BA71-4D67-81E3-F177FD8E6C52}.Release|x64.Build.0 = Release|x64
		{D1C78463-BA71-4D67-81E3-F177FD8E6C52}.Release|x86.ActiveCfg = Release|Win32
		{D1C78463-BA71-4D67-81E3-F177FD8E6C52}.Release|x86.Build.0 = Release|Win32
		{C9F95076-2EEA-4571-B5CB-8D1E6A40BFCE}.Debug|x64.ActiveCfg = Debug|x64
		{C9F95076-2EEA-4571-B5CB-8D1E6A40BFCE}.Debug|x64.Build.0 = Debug|x64
		{C9F95076-2EEA-4571-B5CB-8D1E6A40BFCE}.Debug|x86.ActiveCfg = Debug|Win32
		{C9F95076-2EEA-4571-B5CB-8D1E6A40BFCE}.Debug|x86.Build.0 = Debug|Win32
		{C9F95076-2EEA-4571-B5CB-8D1E6A40BFCE}.Release|x64.ActiveCfg = Release|x64
		{C9F95076-2EEA-4571-B5CB-8D1E6A40BFCE}.Release|x64.Build.0 = Release|x64
		{C9F95076-2EEA-4571-B5CB-8D1E6A40BFCE}.Release|x86.ActiveCfg = Release|Win32
		{C9F95076-2EEA-4571-B5CB-8D1E6A40BFCE}.Release|x86.Build.0 = Release|Win32
		{A7315E41-9A4F-4EA1-92C8-FB8F7520FC4E}.Debug|x64.ActiveCfg = Debug|x64
		{A7315E41-9A4F-4EA1-92C8-FB8F7520FC4E}.Debug|x64.Build.0 = Debug|x64
		{A7315E41-9A4F-4EA1-92C8-FB8F7520FC4E}.Debug|x86.ActiveCfg = Debug|Win32
		{A7315E41-9A4F-4EA1-92C8-FB8F7520FC4E}.Debug|x86.Build.0 = Debug|Win32
		{A7315E41-9A4F-4EA1-92C8-FB8F7520FC4E}.Release|x64.ActiveCfg = Release|x64
		{A7315E41-9A4F-4EA1-92C8-FB8F7520FC4E}.Release|x64.Build.0 = Release|x64
		{A7315E41-9A4F-4EA1-92C8-FB8F7520FC4E}.Release|x86.ActiveCfg = Release|Win32
		{A7315E41-9A4F-4EA1-92C8-FB8F7520FC4E}.Release|x86.Build.0 = Release|Win32
		{3C2A00FC-BBFA-4C9D-9C7F-A0F96B72A363}.Debug|x64.ActiveCfg = Debug|x64
		{3C2A00FC-BBFA-4C9D-9C7F-A0F96B72A363}.Debug|x64.Build.0 = Debug|x64
		{3C2A00FC-BBFA-4C9D-9C7F-A0F96B72A363}.Debug|x86.ActiveCfg = Debug|Win32
		{3C2A00FC-BBFA-4C9D-9C7F-A0F96B72A363}.Debug|x86.Build.0 = Debug|Win32
		{3C2A00FC-BBFA-4C9D-9C7F-A0F96B72A363}.Release|x64.ActiveCfg = Release|x64
		{3C2A00FC-BBFA-4C9D-9C7F-A0F96B72A363}.Release|x64.Build.0 = Release|x64
		{3C2A00FC-BBFA-4C9D-9C7F-A0F96B72A363}.Release|x86.ActiveCfg = Release|Win32
		{3C2A00FC-BBFA-4C9D-9C7F-A0F96B72A363}.Release|x86.Build.0 = Release|Win32
		{E2D4B378-6E1A-4717-8E65-6C7A47FB3E64}.Debug|x64.ActiveCfg = Debug|x64
		{E2D4B378-6E1A-4717-8E65-6C7A47FB3E64}.Debug|x64.Build.0 = Debug|x64
		{E2D4B378-6E1A-4717-8E65-6C7A47FB3E64}.Debug|x86.ActiveCfg = Debug|Win32
		{E2D4B378-6E1A-4717-8E65-6C7A47FB3E64}.Debug|x86.Build.0 = Debug|Win32
		{E2D4B378-6E1A-4717-8E65-6C7A47FB3E64}.Release|x64.ActiveCfg = Release|x64
		{E2D4B378-6E1A-4717-8E65-6C7A47FB3E64}.Release|x64.Build.0 = Release|x64
		{E2D4B378-6E1A-4717-8E65-6C7A47FB3E64}.Release|x86.ActiveCfg = Release|Win32
		{E2D4B378-6E1A-4717-8E65-6C7A47FB3E64}.Release|x86.Build.0 = Release|Win32
		{88545DD5-D29F-405F-A90A-4E9AAAB54874}.Debug|x64.ActiveCfg = Debug|x64
		{88545DD5-D29F-405F-A90A-4E9AAAB54874}.Debug|x64.Build.0 = Debug|x64
		{88545DD5-D29F-405F-A90A-4E9AAAB54874}.Debug|x86.ActiveCfg = Debug|Win32
		{88545DD5-D29F-405F-A90A-4E9AAAB54874}.Debug|x86.Build.0 = Debug|Win32
		{88545DD5-D29F-405F-A90A-4E9AAAB54874}.Release|x64.ActiveCfg = Release|x64
		{88545DD5-D29F-405F-A90A-4E9AAAB54874}.Release|x64.Build.0 = Release|x64
		{88545DD5-D29F-405F-A90A-4E9AAAB54874}.Release|x86.ActiveCfg = Release|Win32
		{88545DD5-D29F-405F-A90A-4E9AAAB54874}.Release|x86.Build.0 = Release|Win32
		{00818981-862D-40A0-B0E4-E0BCF0BE4B7F}.Debug|x64.ActiveCfg = Debug|x64
		{00818981-862D-40A0-B0E4-E0BCF0BE4B7F}.Debug|x64.Build.0 = Debug|x64
		{00818981-862D-40A0-B0E4-E0BCF0BE4B7F}.Debug|x86.ActiveCfg = Debug|Win32
		{00818981-862D-40A0-B0E4-E0BCF0BE4B7F}.Debug|x86.Build.0 = Debug|Win32
		{00818981-862D-40A0-B0E4-E0BCF0BE4B7F}.Release|x64.ActiveCfg = Release|x64
		{00818981-862D-40A0-B0E4-E0BCF0BE4B7F}.Release|x64.Build.0 = Release|x64
		{00818981-862D-40A0-B0E4-E0BCF0BE4B7F}.Release|x86.ActiveCfg = Release|Win32
		{00818981-862D-40A0-B0E4-E0BCF0BE4B7F}.Release|x86.Build.0 = Release|Win32
		{9277D54D-1C30-47CF-94BB-36DF144188EA}.Debug|x64.ActiveCfg = Debug|x64
		{9277D54D-1C30-47CF-94BB-36DF144188EA}.Debug|x64.Build.0 = Debug|x64
		{9277D54D-1C30-47CF-94BB-36DF144188EA}.Debug|x86.ActiveCfg = Debug|Win32
		{9277D54D-1C30-47CF-94BB-36DF144188EA}.Debug|x86.Build.0 = Debug|Win32
		{9277D54D-1C30-47CF-94BB-36DF144188EA}.Release|x64.ActiveCfg = Release|x64
		{9277D54D-1C30-47CF-94BB-36DF144188EA}.Release|x64.Build.0 = Release|x64
		{9277D54D-1C30-47CF-94BB-36DF144188EA}.Release|x86.ActiveCfg = Release|Win32
		{9277D54D-1C30-47CF-94BB-36DF144188EA}.Release|x86.Build.0 = Release|Win32
		{086DB0E0-F270-4DA9-845E-4FF713EE24FF}.Debug|x64.ActiveCfg = Debug|x64
		{086DB0E0-F270-4DA9-845E-4FF713EE24FF}.Debug|x64.Build.0 = Debug|x64
		{086DB0E0-F270-4DA9-845E-4FF713EE24FF}.Debug|x86.ActiveCfg = Debug|Win32
		{086DB0E0-F270-4DA9-845E-4FF713EE24FF}.Debug|x86.Build.0 = Debug|Win32
		{086DB0E0-F270-4DA9-845E-4FF713EE24FF}.Release|x64.ActiveCfg = Release|x64
		{086DB0E0-F270-4DA9-845E-4FF713EE24FF}.Release|x64.Build.0 = Release|x64
		{086DB0E0-F270-4DA9-845E-4FF713EE24FF}.Release|x86.ActiveCfg = Release|Win32
		{086DB0E0-F270-4DA9-845E-4FF713EE24FF}.Release|x86.Build.0 = Release|Win32
		{73C5FD25-87E2-4E66-83D8-CFA53B27B5D4}.Debug|x64.ActiveCfg = Debug|x64
		{73C5FD25-87E2-4E66-83D8-CFA53B27B5D4}.Debug|x64.Build.0 = Debug|x64
		{73C5FD25-87E2-4E66-83D8-CFA53B27B5D4}.Debug|x86.ActiveCfg = Debug|Win32
		{73C5FD25-87E2-4E66-83D8-CFA53B27B5D4}.Debug|x86.Build.0 = Debug|Win32
		{73C5FD25-87E2-4E66-83D8-CFA53B27B5D4}.Release|x64.ActiveCfg = Release|x64
		{73C5FD25-87E2-4E66-83D8-CFA53B27B5D4}.Release|x64.Build.0 = Release|x64
		{73C5FD25-87E2-4E66-83D8-CFA53B27B5D4}.Release|x86.ActiveCfg = Release|Win32
		{73C5FD25-87E2-4E66-83D8-CFA53B27B5D4}.Release|x86.Build.0 = Release|Win32
		{AE802F3D-9436-4518-AE68-3CBE8CD0F865}.Debug|x64.ActiveCfg = Debug|x64
		{AE802F3D-9436-4518-AE68-3CBE8CD0F865}.Debug|x64.Build.0 = Debug|x64
		{AE802F3D-9436-4518-AE68-3CBE8CD0F865}.Debug|x86.ActiveCfg = Debug|Win32
		{AE802F3D-9436-4518-AE68-3CBE8CD0F865}.Debug|x86.Build.0 = Debug|Win32
		{AE802F3D-9436-4518-AE68-3CBE8CD0F865}.Release|x64.ActiveCfg = Release|x64
		{AE802F3D-9436-4518-AE68-3CBE8CD0F865}.Release|x64.Build.0 = Release|x64
		{AE802F3D-9436-4518-AE68-3CBE8CD0F865}.Release|x86.ActiveCfg = Release|Win32
		{AE802F3D-9436-4518-AE68-3CBE8CD0F865}.Release|x86.Build.0 = Release|Win32
		{877C845F-D0C6-4BDA-94CF-2686779A38C8}.Debug|x64.ActiveCfg = Debug|x64
		{877C845F-D0C6-4BDA-94CF-2686779A38C8}.Debug|x64.Build.0 = Debug|x64
		{877C845F-D0C6-4BDA-94CF-2686779A38C8}.Debug|x86.ActiveCfg = Debug|Win32
		{877C845F-D0C6-4BDA-94CF-2686779A38C8}.Debug|x86.Build.0 = Debug|Win32
		{877C845F-D0C6-4BDA-94CF-2686779A38C8}.Release|x64.ActiveCfg = Release|x64
		{877C845F-D0C6-4BDA-94CF-2686779A38C8}.Release|x64.Build.0 = Release|x64
		{877C845F-D0C6-4BDA-94CF-2686779A38C8}.Release|x86.ActiveCfg = Release|Win32
		{877C845F-D0C6-4BDA-94CF-2686779A38C8}.Release|x86.Build.0 = Release|Win32
		{840A546B-3103-4BA1-B914-BB2571FE0946}.Debug|x64.ActiveCfg = Debug|x64
		{840A546B-3103-4BA1-B914-BB2571FE0946}.Debug|x64.Build.0 = Debug|x64
		{840A546B-3103-4BA1-B914-BB2571FE0946}.Debug|x86.ActiveCfg = Debug|Win32
		{840A546B-3103-4BA1-B914-BB2571FE0946}.Debug|x86.Build.0 = Debug|Win32
		{840A546B-3103-4BA1-B914-BB2571FE0946}.Release|x64.ActiveCfg = Release|x64
		{840A546B-3103-4BA1-B914-BB2571FE0946}.Release|x64.Build.0 = Release|x64
		{840A546B-3103-4BA1-B914-BB2571FE0946}.Release|x86.ActiveCfg = Release|Win32
		{840A546B-3103-4BA1-B914-BB2571FE0946}.Release|x86.Build.0 = Release|Win32
		{68C87791-294E-4E69-ADEC-82BFE21ABBDE}.Debug|x64.ActiveCfg = Debug|x64
		{68C87791-294E-4E69-ADEC-82BFE21ABBDE}.Debug|x64.Build.0 = Debug|x64
		{68C87791-294E-4E69-ADEC-82BFE21ABBDE}.Debug|x86.ActiveCfg = Debug|Win32
		{68C87791-294E-4E69-ADEC-82BFE21ABBDE}.Debug|x86.Build.0 = Debug|Win32
		{68C87791-294E-4E69-ADEC-82BFE21ABBDE}.Release|x64.ActiveCfg = Release|x64
		{68C87791-294E-4E69-ADEC-82BFE21ABBDE}.Release|x64.Build.0 = Release|x64
		{68C87791-294E-4E69-ADEC-82BFE21ABBDE}.Release|x86.ActiveCfg = Release|Win32
		{68C87791-294E-4E69-ADEC-82BFE21ABBDE}.Release|x86.Build.0 = Release|Win32
		{A42CE6C5-B4E4-4E1F-8B9B-3504E5420D68}.Debug|x64.ActiveCfg = Debug|x64
		{A42CE6C5-B4E4-4E1F-8B9B-3504E5420D68}.Debug|x64.Build.0 = Debug|x64
		{A42CE6C5-B4E4-4E1F-8B9B-3504E5420D68}.Debug|x86.ActiveCfg = Debug|Win32
		{A42CE6C5-B4E4-4E1F-8B9B-3504E5420D68}.Debug|x86.Build.0 = Debug|Win32
		{A42CE6C5-B4E4-4E1F-8B9B-3504E5420D68}.Release|x64.ActiveCfg = Release|x64
		{A42CE6C5-B4E4-4E1F-8B9B-3504E5420D68}.Release|x64.Build.0 = Release|x64
		{A42CE6C5-B4E4-4E1F-8B9B-3504E5420D68}.Release|x86.ActiveCfg = Release|Win32
		{A42CE6C5-B4E4-4E1F-8B9B-3504E5420D68}.Release|x86.Build.0 = Release|Win32
		{1CAC6B54-A4F5-417B-AD43-7AE4F3F78252}.Debug|x64.ActiveCfg = Debug|x64
		{1CAC6B54-A4F5-417B-AD43-7AE4F3F78252}.Debug|x64.Build.0 = Debug|x64
		{1CAC6B54-A4F5-417B-AD43-7AE4F3F78252}.Debug|x86.ActiveCfg = Debug|Win32
		{1CAC6B54-A4F5-417B-AD43-7AE4F3F78252}.Debug|x86.Build.0 = Debug|Win32
		{1CAC6B54-A4F5-417B-AD43-7AE4F3F78252}.Release|x64.ActiveCfg = Release|x64
		{1CAC6B54-A4F5-417B-AD43-7AE4F3F78252}.Release|x64.Build.0 = Release|x64
		{1CAC6B54-A4F5-417B-AD43-7AE4F3F78252}.Release|x86.ActiveCfg = Release|Win32
		{1CAC6B54-A4F5-417B-AD43-7AE4F3F78252}.Release|x86.Build.0 = Release|Win32
		{5A56958C-1187-48C2-B738-D1658E095316}.Debug|x64.ActiveCfg = Debug|x64
		{5A56958C-1187-48C2-B738-D1658E095316}.Debug|x64.Build.0 = Debug|x64
		{5A56958C-1187-48C2-B738-D1658E095316}.Debug|x86.ActiveCfg = Debug|Win32
		{5A56958C-1187-48C2-B738-D1658E095316}.Debug|x86.Build.0 = Debug|Win32
		{5A56958C-1187-48C2-B738-D1658E095316}.Release|x64.ActiveCfg = Release|x64
		{5A56958C-1187-48C2-B738-D1658E095316}.Release|x64.Build.0 = Release|x64
		{5A56958C-1187-48C2-B738-D1658E095316}.Release|x86.ActiveCfg = Release|Win32
		{5A56958C-1187-48C2-B738-D1658E095316}.Release|x86.Build.0 = Release|Win32
		{738C3D46-BBD0-4AB5-A0EF-6EC213A48725}.Debug|x64.ActiveCfg = Debug|x64
		{738C3D46-BBD0-4AB5-A0EF-6EC213A48725}.Debug|x64.Build.0 = Debug|x64
		{738C3D46-BBD0-4AB5-A0EF-6EC213A48725}.Debug|x86.ActiveCfg = Debug|Win32
		{738C3D46-BBD0-4AB5-A0EF-6EC213A48725}.Debug|x86.Build.0 = Debug|Win32
		{738C3D46-BBD0-4AB5-A0EF-6EC213A48725}.Release|x64.ActiveCfg = Release|x64
		{738C3D46-BBD0-4AB5-A0EF-6EC213A48725}.Release|x64.Build.0 = Release|x64
		{738C3D46-BBD0-4AB5-A0EF-6EC213A48725}.Release|x86.ActiveCfg = Release|Win32
		{738C3D46-BBD0-4AB5-A0EF-6EC213A48725}.Release|x86.Build.0 = Release|Win32
		{96AB743B-FAEB-4BA1-8242-851BF2005A86}.Debug|x64.ActiveCfg = Debug|x64
		{96AB743B-FAEB-4BA1-8242-851BF2005A86}.Debug|x64.Build.0 = Debug|x64
		{96AB743B-FAEB-4BA1-8242-851BF2005A86}.Debug|x86.ActiveCfg = Debug|Win32
		{96AB743B-FAEB-4BA1-8242-851BF2005A86}.Debug|x86.Build.0 = Debug|Win32
		{96AB743B-FAEB-4BA1-8242-851BF2005A86}.Release|x64.ActiveCfg = Release|x64
		{96AB743B-FAEB-4BA1-8242-851BF2005A86}.Release|x64.Build.0 = Release|x64
		{96AB743B-FAEB-4BA1-8242-851BF2005A86}.Release|x86.ActiveCfg = Release|Win32
		{96AB743B-FAEB-4BA1-8242-851BF2005A86}.Release|x86.Build.0 = Release|Win32
		{79B7D1D7-3FBC-4FC7-BD4F-63CE469ABB61}.Debug|x64.ActiveCfg = Debug|x64
		{79B7D1D7-3FBC-4FC7-BD4F-63CE469ABB61}.Debug|x64.Build.0 = Debug|x64
		{79B7D1D7-3FBC-4FC7-BD4F-63CE469ABB61}.Debug|x86.ActiveCfg = Debug|Win32
		{79B7D1D7-3FBC-4FC7-BD4F-63CE469ABB61}.Debug|x86.Build.0 = Debug|Win32
		{79B7D1D7-3FBC-4FC7-BD4F-63CE469ABB61}.Release|x64.ActiveCfg = Release|x64
		{79B7D1D7-3FBC-4FC7-BD4F-63CE469ABB61}.Release|x64.Build.0 = Release|x64
		{79B7D1D7-3FBC-4FC7-BD4F-63CE469ABB61}.Release|x86.ActiveCfg = Release|Win32
		{79B7D1D7-3FBC-4FC7-BD4F-63CE469ABB61}.Release|x86.Build.0 = Release|Win32
		{A46A8C32-B3F2-4772-A4C0-746A1884B207}.Debug|x64.ActiveCfg = Debug|x64
		{A46A8C32-B3F2-4772-A4C0-746A1884B207}.Debug|x64.Build.0 = Debug|x64
		{A46A8C32-B3F2-4772-A4C0-746A1884B207}.Debug|x86.ActiveCfg = Debug|Win32
		{A46A8C32-B3F2-4772-A4C0-746A1884B207}.Debug|x86.Build.0 = Debug|Win32
		{A46A8C32-B3F2-4772-A4C0-746A1884B207}.Release|x64.ActiveCfg = Release|x64
		{A46A8C32-B3F2-4772-A4C0-746A1884B207}.Release|x64.Build.0 = Release|x64
		{A46A8C32-B3F2-4772-A4C0-746A1884B207}.Release|x86.ActiveCfg = Release|Win32
		{A46A8C32-B3F2-4772-A4C0-746A1884B207}.Release|x86.Build.0 = Release|Win32
		{2FDB3C3F-EFB9-4CEB-BBD1-EF89D1D60FDD}.Debug|x64.ActiveCfg = Debug|x64
		{2FDB3C3F-EFB9-4CEB-BBD1-EF89D1D60FDD}.Debug|x64.Build.0 = Debug|x64
		{2FDB3C3F-EFB9-4CEB-BBD1-EF89D1D60FDD}.Debug|x86.ActiveCfg = Debug|Win32
		{2FDB3C3F-EFB9-4CEB-BBD1-EF89D1D60FDD}.Debug|x86.Build.0 = Debug|Win32
		{2FDB3C3F-EFB9-4CEB-BBD1-EF89D1D60FDD}.Release|x64.ActiveCfg = Release|x64
		{2FDB3C3F-EFB9-4CEB-BBD1-EF89D1D60FDD}.Release|x64.Build.0 = Release|x64
		{2FDB3C3F-EFB9-4CEB-BBD1-EF89D1D60FDD}.Release|x86.ActiveCfg = Release|Win32
		{2FDB3C3F-EFB9-4CEB-BBD1-EF89D1D60FDD}.Release|x86.Build.0 = Release|Win32
		{7F90EBD9-32A6-4D5B-9DE8-CB32FB055580}.Debug|x64.ActiveCfg = Debug|x64
		{7F90EBD9-32A6-4D5B-9DE8-CB32FB055580}.Debug|x64.Build.0 = Debug|x64
		{7F90EBD9-32A6-4D5B-9DE8-CB32FB055580}.Debug|x86.ActiveCfg = Debug|Win32
		{7F90EBD9-32A6-4D5B-9DE8-CB32FB055580}.Debug|x86.Build.0 = Debug|Win32
		{7F90EBD9-32A6-4D5B-9DE8-CB32FB055580}.Release|x64.ActiveCfg = Release|x64
		{7F90EBD9-32A6-4D5B-9DE8-CB32FB055580}.Release|x64.Build.0 = Release|x64
		{7F90EBD9-32A6-4D5B-9DE8-CB32FB055580}.Release|x86.ActiveCfg = Release|Win32
		{7F90EBD9-32A6-4D5B-9DE8-CB32FB055580}.Release|x86.Build.0 = Release|Win32
		{6AFBF0C9-EDF3-40C8-959B-E4709575D0B4}.Debug|x64.ActiveCfg = Debug|x64
		{6AFBF0C9-EDF3-40C8-959B-E4709575D0B4}.Debug|x64.Build.0 = Debug|x64
		{6AFBF0C9-EDF3-40C8-959B-E4709575D0B4}.Debug|x86.ActiveCfg = Debug|Win32
		{6AFBF0C9-EDF3-40C8-959B-E4709575D0B4}.Debug|x86.Build.0 = Debug|Win32
		{6AFBF0C9-EDF3-40C8-959B-E4709575D0B4}.Release|x64.ActiveCfg = Release|x64
		{6AFBF0C9-EDF3-40C8-959B-E4709575D0B4}.Release|x64.Build.0 = Release|x64
		{6AFBF0C9-EDF3-40C8-959B-E4709575D0B4}.Release|x86.ActiveCfg = Release|Win32
		{6AFBF0C9-EDF3-40C8-959B-E4709575D0B4}.Release|x86.Build.0 = Release|Win32
	EndGlobalSection
	GlobalSection(SolutionProperties) = preSolution
		HideSolutionNode = FALSE
	EndGlobalSection
	GlobalSection(NestedProjects) = preSolution
		{160F8FAB-79DF-4ABB-96FC-8F38FF1B305E} = {E74C7ED2-FA11-496A-9C00-D445CD989785}
		{7C107462-7EEF-4B13-B932-6C31EDDC07D4} = {E74C7ED2-FA11-496A-9C00-D445CD989785}
		{01F5AAE3-650F-4AF5-9C49-5DB582E1A878} = {E74C7ED2-FA11-496A-9C00-D445CD989785}
	EndGlobalSection
	GlobalSection(ExtensibilityGlobals) = postSolution
		SolutionGuid = {638C515B-AF5B-4B73-9E6E-E1AD7D62E206}
	EndGlobalSection
EndGlobal
