
Microsoft Visual Studio Solution File, Format Version 12.00
# Visual Studio Version 16
VisualStudioVersion = 16.0.30011.22
MinimumVisualStudioVersion = 10.0.40219.1
Project("{8BC9CEB8-8B4A-11D0-8D11-00A0C91BC942}") = "L155", "L155\L155.vcxproj", "{9B693AC6-FD53-463F-AF0F-0FDB15337B4D}"
EndProject
Project("{8BC9CEB8-8B4A-11D0-8D11-00A0C91BC942}") = "L102", "L102\L102.vcxproj", "{B4B1ADDC-345F-4B3F-A225-DCE1F3001D72}"
EndProject
Project("{8BC9CEB8-8B4A-11D0-8D11-00A0C91BC942}") = "L136", "L136\L136.vcxproj", "{841F7F88-BA00-449B-B96E-B3D441456863}"
EndProject
Global
	GlobalSection(SolutionConfigurationPlatforms) = preSolution
		Debug|x64 = Debug|x64
		Debug|x86 = Debug|x86
		Release|x64 = Release|x64
		Release|x86 = Release|x86
	EndGlobalSection
	GlobalSection(ProjectConfigurationPlatforms) = postSolution
		{9B693AC6-FD53-463F-AF0F-0FDB15337B4D}.Debug|x64.ActiveCfg = Debug|x64
		{9B693AC6-FD53-463F-AF0F-0FDB15337B4D}.Debug|x64.Build.0 = Debug|x64
		{9B693AC6-FD53-463F-AF0F-0FDB15337B4D}.Debug|x86.ActiveCfg = Debug|Win32
		{9B693AC6-FD53-463F-AF0F-0FDB15337B4D}.Debug|x86.Build.0 = Debug|Win32
		{9B693AC6-FD53-463F-AF0F-0FDB15337B4D}.Release|x64.ActiveCfg = Release|x64
		{9B693AC6-FD53-463F-AF0F-0FDB15337B4D}.Release|x64.Build.0 = Release|x64
		{9B693AC6-FD53-463F-AF0F-0FDB15337B4D}.Release|x86.ActiveCfg = Release|Win32
		{9B693AC6-FD53-463F-AF0F-0FDB15337B4D}.Release|x86.Build.0 = Release|Win32
		{B4B1ADDC-345F-4B3F-A225-DCE1F3001D72}.Debug|x64.ActiveCfg = Debug|x64
		{B4B1ADDC-345F-4B3F-A225-DCE1F3001D72}.Debug|x64.Build.0 = Debug|x64
		{B4B1ADDC-345F-4B3F-A225-DCE1F3001D72}.Debug|x86.ActiveCfg = Debug|Win32
		{B4B1ADDC-345F-4B3F-A225-DCE1F3001D72}.Debug|x86.Build.0 = Debug|Win32
		{B4B1ADDC-345F-4B3F-A225-DCE1F3001D72}.Release|x64.ActiveCfg = Release|x64
		{B4B1ADDC-345F-4B3F-A225-DCE1F3001D72}.Release|x64.Build.0 = Release|x64
		{B4B1ADDC-345F-4B3F-A225-DCE1F3001D72}.Release|x86.ActiveCfg = Release|Win32
		{B4B1ADDC-345F-4B3F-A225-DCE1F3001D72}.Release|x86.Build.0 = Release|Win32
		{841F7F88-BA00-449B-B96E-B3D441456863}.Debug|x64.ActiveCfg = Debug|x64
		{841F7F88-BA00-449B-B96E-B3D441456863}.Debug|x64.Build.0 = Debug|x64
		{841F7F88-BA00-449B-B96E-B3D441456863}.Debug|x86.ActiveCfg = Debug|Win32
		{841F7F88-BA00-449B-B96E-B3D441456863}.Debug|x86.Build.0 = Debug|Win32
		{841F7F88-BA00-449B-B96E-B3D441456863}.Release|x64.ActiveCfg = Release|x64
		{841F7F88-BA00-449B-B96E-B3D441456863}.Release|x64.Build.0 = Release|x64
		{841F7F88-BA00-449B-B96E-B3D441456863}.Release|x86.ActiveCfg = Release|Win32
		{841F7F88-BA00-449B-B96E-B3D441456863}.Release|x86.Build.0 = Release|Win32
	EndGlobalSection
	GlobalSection(SolutionProperties) = preSolution
		HideSolutionNode = FALSE
	EndGlobalSection
	GlobalSection(ExtensibilityGlobals) = postSolution
		SolutionGuid = {638C515B-AF5B-4B73-9E6E-E1AD7D62E206}
	EndGlobalSection
EndGlobal
